PODS:
  - Crashlytics (3.8.1):
    - Fabric (~> 1.6.3)
  - Fabric (1.6.8)
  - iRate (1.11.6)
  - JRSwizzle (1.0)
  - MagicalRecord (2.3.2):
    - MagicalRecord/Core (= 2.3.2)
  - MagicalRecord/Core (2.3.2)
  - PureLayout (3.0.2)
  - SZTextView (1.2.2)
  - UIViewController+BHTKeyboardAnimationBlocks (0.0.2)

DEPENDENCIES:
  - Crashlytics (~> 3.8)
  - Fabric (~> 1.6)
  - iRate (~> 1.11)
  - JRSwizzle (~> 1.0)
  - MagicalRecord (~> 2.3)
  - PureLayout (~> 3.0)
  - SZTextView (~> 1.2)
  - UIViewController+BHTKeyboardAnimationBlocks (~> 0.0)

SPEC CHECKSUMS:
  Crashlytics: 4391d8df0b125345e9f209c5db6e7f40a6a8435d
  Fabric: 5755268d0171435ab167e3d0878a28a777deaf10
  iRate: 61e558919c4a7fde63b3c22ebbd6c114a1eee658
  JRSwizzle: dd5ead5d913a0f29e7f558200165849f006bb1e3
  MagicalRecord: 53bed74b4323b930992a725be713e53b37d19755
  PureLayout: 4d550abe49a94f24c2808b9b95db9131685fe4cd
  SZTextView: 3a81174dce0710a9ab069bc73a813e6df53b9c82
  UIViewController+BHTKeyboardAnimationBlocks: 4996f7909cb141f19e9544720e5bb79de20e4db9

PODFILE CHECKSUM: 8d198b1e0a455466e13b3ed8a8e69414e8ad618a

COCOAPODS: 1.0.1
