PODS:
  - iRate (1.10.3)
  - MagicalRecord/Shorthand (2.2)
  - SZTextView (1.1.5)

DEPENDENCIES:
  - iRate (= 1.10.3)
  - MagicalRecord/Shorthand (= 2.2)
  - SZTextView (= 1.1.5)

SPEC CHECKSUMS:
  iRate: 40ebea2bb1e88866cef7393bd0abeae232cc5d38
  MagicalRecord: 2b471584fc9e3137f3d0a56967917baa4979e224
  SZTextView: ba45928294d012591c720ae476e58b0bc4c56a44

COCOAPODS: 0.33.1
