<?xml version="1.0" encoding="UTF-8"?>
<!DOCTYPE plist PUBLIC "-//Apple//DTD PLIST 1.0//EN" "http://www.apple.com/DTDs/PropertyList-1.0.dtd">
<plist version="1.0">
<dict>
	<key>archiveVersion</key>
	<string>1</string>
	<key>classes</key>
	<dict/>
	<key>objectVersion</key>
	<string>46</string>
	<key>objects</key>
	<dict>
		<key>1BD65590FC9B463E84F44239</key>
		<dict>
			<key>buildActionMask</key>
			<string>2147483647</string>
			<key>files</key>
			<array/>
			<key>inputPaths</key>
			<array/>
			<key>isa</key>
			<string>PBXShellScriptBuildPhase</string>
			<key>name</key>
			<string>Check Pods Manifest.lock</string>
			<key>outputPaths</key>
			<array/>
			<key>runOnlyForDeploymentPostprocessing</key>
			<string>0</string>
			<key>shellPath</key>
			<string>/bin/sh</string>
			<key>shellScript</key>
			<string>diff "${PODS_ROOT}/../Podfile.lock" "${PODS_ROOT}/Manifest.lock" &gt; /dev/null
if [[ $? != 0 ]] ; then
    cat &lt;&lt; EOM
error: The sandbox is not in sync with the Podfile.lock. Run 'pod install' or update your CocoaPods installation.
EOM
    exit 1
fi
</string>
			<key>showEnvVarsInLog</key>
			<string>0</string>
		</dict>
		<key>43C346CBA7F5DE25649A106E</key>
		<dict>
			<key>includeInIndex</key>
			<string>1</string>
			<key>isa</key>
			<string>PBXFileReference</string>
			<key>lastKnownFileType</key>
			<string>text.xcconfig</string>
			<key>name</key>
			<string>Pods.release.xcconfig</string>
			<key>path</key>
			<string>Pods/Target Support Files/Pods/Pods.release.xcconfig</string>
			<key>sourceTree</key>
			<string>&lt;group&gt;</string>
		</dict>
		<key>5E1FF7FB2C8D44598DE88470</key>
		<dict>
			<key>buildActionMask</key>
			<string>2147483647</string>
			<key>files</key>
			<array/>
			<key>inputPaths</key>
			<array/>
			<key>isa</key>
			<string>PBXShellScriptBuildPhase</string>
			<key>name</key>
			<string>Copy Pods Resources</string>
			<key>outputPaths</key>
			<array/>
			<key>runOnlyForDeploymentPostprocessing</key>
			<string>0</string>
			<key>shellPath</key>
			<string>/bin/sh</string>
			<key>shellScript</key>
			<string>"${SRCROOT}/Pods/Target Support Files/Pods/Pods-resources.sh"
</string>
			<key>showEnvVarsInLog</key>
			<string>0</string>
		</dict>
		<key>AE76B2C3C7CEDADEE9625F6E</key>
		<dict>
			<key>children</key>
			<array>
				<string>CDAC26A05A6D26D6403EFA4A</string>
				<string>43C346CBA7F5DE25649A106E</string>
			</array>
			<key>isa</key>
			<string>PBXGroup</string>
			<key>name</key>
			<string>Pods</string>
			<key>sourceTree</key>
			<string>&lt;group&gt;</string>
		</dict>
		<key>B27C318287A24E1D8856CD87</key>
		<dict>
			<key>fileRef</key>
			<string>CE5729C3CBEE4252A6670778</string>
			<key>isa</key>
			<string>PBXBuildFile</string>
		</dict>
		<key>C01CB77219281EC000499B28</key>
		<dict>
			<key>children</key>
			<array>
				<string>C0C4624F1932BDF20031E256</string>
				<string>C0C462501932BDF20031E256</string>
				<string>C0C462551932BFEC0031E256</string>
				<string>C0C462561932BFEC0031E256</string>
				<string>C0C462581932BFFD0031E256</string>
				<string>C0C462591932BFFD0031E256</string>
				<string>C0C462521932BFD10031E256</string>
				<string>C0C462531932BFD10031E256</string>
			</array>
			<key>isa</key>
			<string>PBXGroup</string>
			<key>path</key>
			<string>Controllers</string>
			<key>sourceTree</key>
			<string>&lt;group&gt;</string>
		</dict>
		<key>C01CB77319281EC000499B28</key>
		<dict>
			<key>children</key>
			<array>
				<string>C01CB77419281EC000499B28</string>
			</array>
			<key>isa</key>
			<string>PBXGroup</string>
			<key>path</key>
			<string>en.lproj</string>
			<key>sourceTree</key>
			<string>&lt;group&gt;</string>
		</dict>
		<key>C01CB77419281EC000499B28</key>
		<dict>
			<key>children</key>
			<array>
				<string>C01CB77519281EC000499B28</string>
			</array>
			<key>isa</key>
			<string>PBXVariantGroup</string>
			<key>name</key>
			<string>InfoPlist.strings</string>
			<key>sourceTree</key>
			<string>&lt;group&gt;</string>
		</dict>
		<key>C01CB77519281EC000499B28</key>
		<dict>
			<key>isa</key>
			<string>PBXFileReference</string>
			<key>lastKnownFileType</key>
			<string>text.plist.strings</string>
			<key>name</key>
			<string>en</string>
			<key>path</key>
			<string>InfoPlist.strings</string>
			<key>sourceTree</key>
			<string>&lt;group&gt;</string>
		</dict>
		<key>C01CB77619281EC000499B28</key>
		<dict>
			<key>children</key>
			<array>
				<string>C082BE19193C17D900A60D8E</string>
				<string>C01D74C919A1445200905EBD</string>
				<string>C01D74CA19A1445200905EBD</string>
			</array>
			<key>isa</key>
			<string>PBXGroup</string>
			<key>path</key>
			<string>Library</string>
			<key>sourceTree</key>
			<string>&lt;group&gt;</string>
		</dict>
		<key>C01CB77719281EC000499B28</key>
		<dict>
			<key>children</key>
			<array>
				<string>C082BDFD193BD86300A60D8E</string>
				<string>C082BDFE193BD86300A60D8E</string>
				<string>C082BDFF193BD86300A60D8E</string>
				<string>C082BE00193BD86300A60D8E</string>
				<string>C082BE01193BD86300A60D8E</string>
				<string>C082BE02193BD86300A60D8E</string>
				<string>C082BE03193BD86300A60D8E</string>
				<string>C082BE04193BD86300A60D8E</string>
				<string>C01CB77819281EC000499B28</string>
				<string>C082BE09193BD86C00A60D8E</string>
				<string>C082BE0A193BD86C00A60D8E</string>
				<string>C082BE0B193BD86C00A60D8E</string>
				<string>C082BE0C193BD86C00A60D8E</string>
				<string>C082BE0D193BD86C00A60D8E</string>
				<string>C082BE0E193BD86C00A60D8E</string>
				<string>C082BE0F193BD86C00A60D8E</string>
				<string>C082BE10193BD86C00A60D8E</string>
			</array>
			<key>isa</key>
			<string>PBXGroup</string>
			<key>path</key>
			<string>Models</string>
			<key>sourceTree</key>
			<string>&lt;group&gt;</string>
		</dict>
		<key>C01CB77819281EC000499B28</key>
		<dict>
			<key>children</key>
			<array>
				<string>C01CB77919281EC000499B28</string>
			</array>
			<key>currentVersion</key>
			<string>C01CB77919281EC000499B28</string>
			<key>isa</key>
			<string>XCVersionGroup</string>
			<key>path</key>
			<string>STD.xcdatamodeld</string>
			<key>sourceTree</key>
			<string>&lt;group&gt;</string>
			<key>versionGroupType</key>
			<string>wrapper.xcdatamodel</string>
		</dict>
		<key>C01CB77919281EC000499B28</key>
		<dict>
			<key>isa</key>
			<string>PBXFileReference</string>
			<key>lastKnownFileType</key>
			<string>wrapper.xcdatamodel</string>
			<key>path</key>
			<string>STD.xcdatamodel</string>
			<key>sourceTree</key>
			<string>&lt;group&gt;</string>
		</dict>
		<key>C01CB77A19281EC000499B28</key>
		<dict>
			<key>children</key>
			<array>
				<string>C01CB77B19281EC000499B28</string>
				<string>C01CB77C19281EC000499B28</string>
				<string>C01D74C719A141BA00905EBD</string>
			</array>
			<key>isa</key>
			<string>PBXGroup</string>
			<key>path</key>
			<string>Other sources</string>
			<key>sourceTree</key>
			<string>&lt;group&gt;</string>
		</dict>
		<key>C01CB77B19281EC000499B28</key>
		<dict>
			<key>fileEncoding</key>
			<string>4</string>
			<key>isa</key>
			<string>PBXFileReference</string>
			<key>lastKnownFileType</key>
			<string>sourcecode.c.objc</string>
			<key>path</key>
			<string>main.m</string>
			<key>sourceTree</key>
			<string>&lt;group&gt;</string>
		</dict>
		<key>C01CB77C19281EC000499B28</key>
		<dict>
			<key>fileEncoding</key>
			<string>4</string>
			<key>isa</key>
			<string>PBXFileReference</string>
			<key>lastKnownFileType</key>
			<string>sourcecode.c.h</string>
			<key>path</key>
			<string>STD-Prefix.pch</string>
			<key>sourceTree</key>
			<string>&lt;group&gt;</string>
		</dict>
		<key>C01CB77D19281EC000499B28</key>
		<dict>
			<key>children</key>
			<array>
				<string>C0D5C6BA19B3EF1E0010C13A</string>
				<string>C01CB77E19281EC000499B28</string>
			</array>
			<key>isa</key>
			<string>PBXGroup</string>
			<key>path</key>
			<string>Resources</string>
			<key>sourceTree</key>
			<string>&lt;group&gt;</string>
		</dict>
		<key>C01CB77E19281EC000499B28</key>
		<dict>
			<key>isa</key>
			<string>PBXFileReference</string>
			<key>lastKnownFileType</key>
			<string>folder.assetcatalog</string>
			<key>path</key>
			<string>Images.xcassets</string>
			<key>sourceTree</key>
			<string>&lt;group&gt;</string>
		</dict>
		<key>C01CB77F19281EC000499B28</key>
		<dict>
			<key>fileEncoding</key>
			<string>4</string>
			<key>isa</key>
			<string>PBXFileReference</string>
			<key>lastKnownFileType</key>
			<string>sourcecode.c.h</string>
			<key>path</key>
			<string>STDAppDelegate.h</string>
			<key>sourceTree</key>
			<string>&lt;group&gt;</string>
		</dict>
		<key>C01CB78019281EC000499B28</key>
		<dict>
			<key>fileEncoding</key>
			<string>4</string>
			<key>isa</key>
			<string>PBXFileReference</string>
			<key>lastKnownFileType</key>
			<string>sourcecode.c.objc</string>
			<key>path</key>
			<string>STDAppDelegate.m</string>
			<key>sourceTree</key>
			<string>&lt;group&gt;</string>
		</dict>
		<key>C01CB78119281EC000499B28</key>
		<dict>
			<key>fileEncoding</key>
			<string>4</string>
			<key>isa</key>
			<string>PBXFileReference</string>
			<key>lastKnownFileType</key>
			<string>file.storyboard</string>
			<key>path</key>
			<string>Storyboard.storyboard</string>
			<key>sourceTree</key>
			<string>&lt;group&gt;</string>
		</dict>
		<key>C01CB78219281EC000499B28</key>
		<dict>
			<key>children</key>
			<array>
				<string>C01CB78319281EC000499B28</string>
			</array>
			<key>isa</key>
			<string>PBXGroup</string>
			<key>path</key>
			<string>Supporting files</string>
			<key>sourceTree</key>
			<string>&lt;group&gt;</string>
		</dict>
		<key>C01CB78319281EC000499B28</key>
		<dict>
			<key>fileEncoding</key>
			<string>4</string>
			<key>isa</key>
			<string>PBXFileReference</string>
			<key>lastKnownFileType</key>
			<string>text.plist.xml</string>
			<key>path</key>
			<string>STD-Info.plist</string>
			<key>sourceTree</key>
			<string>&lt;group&gt;</string>
		</dict>
		<key>C01CB78419281EC000499B28</key>
		<dict>
			<key>children</key>
			<array>
				<string>C0F933301986178A00FC7329</string>
				<string>C0F933311986178A00FC7329</string>
				<string>C03A5C7419D8E0DB00437500</string>
				<string>C06F19CB1960D308000BEDD8</string>
				<string>C06F19CC1960D308000BEDD8</string>
				<string>C06F19CD1960D308000BEDD8</string>
			</array>
			<key>isa</key>
			<string>PBXGroup</string>
			<key>path</key>
			<string>Views</string>
			<key>sourceTree</key>
			<string>&lt;group&gt;</string>
		</dict>
		<key>C01CB78519281EC000499B28</key>
		<dict>
			<key>fileRef</key>
			<string>C01CB77419281EC000499B28</string>
			<key>isa</key>
			<string>PBXBuildFile</string>
		</dict>
		<key>C01CB78619281EC000499B28</key>
		<dict>
			<key>fileRef</key>
			<string>C01CB77819281EC000499B28</string>
			<key>isa</key>
			<string>PBXBuildFile</string>
		</dict>
		<key>C01CB78719281EC000499B28</key>
		<dict>
			<key>fileRef</key>
			<string>C01CB77B19281EC000499B28</string>
			<key>isa</key>
			<string>PBXBuildFile</string>
		</dict>
		<key>C01CB78819281EC000499B28</key>
		<dict>
			<key>fileRef</key>
			<string>C01CB77E19281EC000499B28</string>
			<key>isa</key>
			<string>PBXBuildFile</string>
		</dict>
		<key>C01CB78919281EC000499B28</key>
		<dict>
			<key>fileRef</key>
			<string>C01CB78019281EC000499B28</string>
			<key>isa</key>
			<string>PBXBuildFile</string>
		</dict>
		<key>C01CB78A19281EC000499B28</key>
		<dict>
			<key>fileRef</key>
			<string>C01CB78119281EC000499B28</string>
			<key>isa</key>
			<string>PBXBuildFile</string>
		</dict>
		<key>C01D74C719A141BA00905EBD</key>
		<dict>
			<key>isa</key>
			<string>PBXFileReference</string>
			<key>lastKnownFileType</key>
			<string>wrapper.plug-in</string>
			<key>path</key>
			<string>Settings.bundle</string>
			<key>sourceTree</key>
			<string>&lt;group&gt;</string>
		</dict>
		<key>C01D74C819A141BA00905EBD</key>
		<dict>
			<key>fileRef</key>
			<string>C01D74C719A141BA00905EBD</string>
			<key>isa</key>
			<string>PBXBuildFile</string>
		</dict>
		<key>C01D74C919A1445200905EBD</key>
		<dict>
			<key>fileEncoding</key>
			<string>4</string>
			<key>isa</key>
			<string>PBXFileReference</string>
			<key>lastKnownFileType</key>
			<string>sourcecode.c.h</string>
			<key>path</key>
			<string>STDUserDefaults.h</string>
			<key>sourceTree</key>
			<string>&lt;group&gt;</string>
		</dict>
		<key>C01D74CA19A1445200905EBD</key>
		<dict>
			<key>fileEncoding</key>
			<string>4</string>
			<key>isa</key>
			<string>PBXFileReference</string>
			<key>lastKnownFileType</key>
			<string>sourcecode.c.objc</string>
			<key>path</key>
			<string>STDUserDefaults.m</string>
			<key>sourceTree</key>
			<string>&lt;group&gt;</string>
		</dict>
		<key>C01D74CB19A1445200905EBD</key>
		<dict>
			<key>fileRef</key>
			<string>C01D74CA19A1445200905EBD</string>
			<key>isa</key>
			<string>PBXBuildFile</string>
		</dict>
		<key>C029468019859BF200C076F8</key>
		<dict>
			<key>containerPortal</key>
			<string>C08FE1D81928163D0012F7D2</string>
			<key>isa</key>
			<string>PBXContainerItemProxy</string>
			<key>proxyType</key>
			<string>1</string>
			<key>remoteGlobalIDString</key>
			<string>C08FE1DF1928163D0012F7D2</string>
			<key>remoteInfo</key>
			<string>STD</string>
		</dict>
		<key>C029468119859BF200C076F8</key>
		<dict>
			<key>isa</key>
			<string>PBXTargetDependency</string>
			<key>target</key>
			<string>C08FE1DF1928163D0012F7D2</string>
			<key>targetProxy</key>
			<string>C029468019859BF200C076F8</string>
		</dict>
		<key>C03A5C6D19D8D13100437500</key>
		<dict>
			<key>children</key>
			<array>
				<string>C03A5C6E19D8D13100437500</string>
				<string>C03A5C6F19D8D13100437500</string>
			</array>
			<key>isa</key>
			<string>PBXGroup</string>
			<key>path</key>
			<string>JRSwizzle</string>
			<key>sourceTree</key>
			<string>&lt;group&gt;</string>
		</dict>
		<key>C03A5C6E19D8D13100437500</key>
		<dict>
			<key>fileEncoding</key>
			<string>4</string>
			<key>isa</key>
			<string>PBXFileReference</string>
			<key>lastKnownFileType</key>
			<string>sourcecode.c.h</string>
			<key>path</key>
			<string>JRSwizzle.h</string>
			<key>sourceTree</key>
			<string>&lt;group&gt;</string>
		</dict>
		<key>C03A5C6F19D8D13100437500</key>
		<dict>
			<key>fileEncoding</key>
			<string>4</string>
			<key>isa</key>
			<string>PBXFileReference</string>
			<key>lastKnownFileType</key>
			<string>sourcecode.c.objc</string>
			<key>path</key>
			<string>JRSwizzle.m</string>
			<key>sourceTree</key>
			<string>&lt;group&gt;</string>
		</dict>
		<key>C03A5C7019D8D13100437500</key>
		<dict>
			<key>fileRef</key>
			<string>C03A5C6F19D8D13100437500</string>
			<key>isa</key>
			<string>PBXBuildFile</string>
		</dict>
		<key>C03A5C7119D8D16200437500</key>
		<dict>
			<key>fileEncoding</key>
			<string>4</string>
			<key>isa</key>
			<string>PBXFileReference</string>
			<key>lastKnownFileType</key>
			<string>sourcecode.c.h</string>
			<key>path</key>
			<string>UITableView+Separator.h</string>
			<key>sourceTree</key>
			<string>&lt;group&gt;</string>
		</dict>
		<key>C03A5C7219D8D16200437500</key>
		<dict>
			<key>fileEncoding</key>
			<string>4</string>
			<key>isa</key>
			<string>PBXFileReference</string>
			<key>lastKnownFileType</key>
			<string>sourcecode.c.objc</string>
			<key>path</key>
			<string>UITableView+Separator.m</string>
			<key>sourceTree</key>
			<string>&lt;group&gt;</string>
		</dict>
		<key>C03A5C7319D8D16200437500</key>
		<dict>
			<key>fileRef</key>
			<string>C03A5C7219D8D16200437500</string>
			<key>isa</key>
			<string>PBXBuildFile</string>
		</dict>
		<key>C03A5C7419D8E0DB00437500</key>
		<dict>
			<key>fileEncoding</key>
			<string>4</string>
			<key>isa</key>
			<string>PBXFileReference</string>
			<key>lastKnownFileType</key>
			<string>file.xib</string>
			<key>path</key>
			<string>STDSubtaskTableViewCell.xib</string>
			<key>sourceTree</key>
			<string>&lt;group&gt;</string>
		</dict>
		<key>C03A5C7519D8E0DB00437500</key>
		<dict>
			<key>fileRef</key>
			<string>C03A5C7419D8E0DB00437500</string>
			<key>isa</key>
			<string>PBXBuildFile</string>
		</dict>
		<key>C05A476319B52F6500A13B25</key>
		<dict>
			<key>children</key>
			<array>
				<string>C05A476419B52F6500A13B25</string>
				<string>C05A476519B52F6500A13B25</string>
			</array>
			<key>isa</key>
			<string>PBXGroup</string>
			<key>path</key>
			<string>UITableView+LongPressReorder</string>
			<key>sourceTree</key>
			<string>&lt;group&gt;</string>
		</dict>
		<key>C05A476419B52F6500A13B25</key>
		<dict>
			<key>fileEncoding</key>
			<string>4</string>
			<key>isa</key>
			<string>PBXFileReference</string>
			<key>lastKnownFileType</key>
			<string>sourcecode.c.h</string>
			<key>path</key>
			<string>UITableView+LongPressReorder.h</string>
			<key>sourceTree</key>
			<string>&lt;group&gt;</string>
		</dict>
		<key>C05A476519B52F6500A13B25</key>
		<dict>
			<key>fileEncoding</key>
			<string>4</string>
			<key>isa</key>
			<string>PBXFileReference</string>
			<key>lastKnownFileType</key>
			<string>sourcecode.c.objc</string>
			<key>path</key>
			<string>UITableView+LongPressReorder.m</string>
			<key>sourceTree</key>
			<string>&lt;group&gt;</string>
		</dict>
		<key>C05A476619B52F6500A13B25</key>
		<dict>
			<key>fileRef</key>
			<string>C05A476519B52F6500A13B25</string>
			<key>isa</key>
			<string>PBXBuildFile</string>
		</dict>
		<key>C05A476719B5349600A13B25</key>
		<dict>
			<key>fileEncoding</key>
			<string>4</string>
			<key>isa</key>
			<string>PBXFileReference</string>
			<key>lastKnownFileType</key>
			<string>sourcecode.c.h</string>
			<key>path</key>
			<string>NSManagedObject+Extras.h</string>
			<key>sourceTree</key>
			<string>&lt;group&gt;</string>
		</dict>
		<key>C05A476819B5349600A13B25</key>
		<dict>
			<key>fileEncoding</key>
			<string>4</string>
			<key>isa</key>
			<string>PBXFileReference</string>
			<key>lastKnownFileType</key>
			<string>sourcecode.c.objc</string>
			<key>path</key>
			<string>NSManagedObject+Extras.m</string>
			<key>sourceTree</key>
			<string>&lt;group&gt;</string>
		</dict>
		<key>C05A476919B5349600A13B25</key>
		<dict>
			<key>fileRef</key>
			<string>C05A476819B5349600A13B25</string>
			<key>isa</key>
			<string>PBXBuildFile</string>
		</dict>
		<key>C06F19CB1960D308000BEDD8</key>
		<dict>
			<key>fileEncoding</key>
			<string>4</string>
			<key>isa</key>
			<string>PBXFileReference</string>
			<key>lastKnownFileType</key>
			<string>sourcecode.c.h</string>
			<key>path</key>
			<string>STDTaskTableViewCell.h</string>
			<key>sourceTree</key>
			<string>&lt;group&gt;</string>
		</dict>
		<key>C06F19CC1960D308000BEDD8</key>
		<dict>
			<key>fileEncoding</key>
			<string>4</string>
			<key>isa</key>
			<string>PBXFileReference</string>
			<key>lastKnownFileType</key>
			<string>sourcecode.c.objc</string>
			<key>path</key>
			<string>STDTaskTableViewCell.m</string>
			<key>sourceTree</key>
			<string>&lt;group&gt;</string>
		</dict>
		<key>C06F19CD1960D308000BEDD8</key>
		<dict>
			<key>fileEncoding</key>
			<string>4</string>
			<key>isa</key>
			<string>PBXFileReference</string>
			<key>lastKnownFileType</key>
			<string>file.xib</string>
			<key>path</key>
			<string>STDTaskTableViewCell.xib</string>
			<key>sourceTree</key>
			<string>&lt;group&gt;</string>
		</dict>
		<key>C06F19CE1960D308000BEDD8</key>
		<dict>
			<key>fileRef</key>
			<string>C06F19CC1960D308000BEDD8</string>
			<key>isa</key>
			<string>PBXBuildFile</string>
		</dict>
		<key>C06F19CF1960D308000BEDD8</key>
		<dict>
			<key>fileRef</key>
			<string>C06F19CD1960D308000BEDD8</string>
			<key>isa</key>
			<string>PBXBuildFile</string>
		</dict>
		<key>C07F7C8B1957CB2900CF0C92</key>
		<dict>
			<key>fileEncoding</key>
			<string>4</string>
			<key>isa</key>
			<string>PBXFileReference</string>
			<key>lastKnownFileType</key>
			<string>sourcecode.c.h</string>
			<key>path</key>
			<string>NSObject+Extras.h</string>
			<key>sourceTree</key>
			<string>&lt;group&gt;</string>
		</dict>
		<key>C07F7C8C1957CB2900CF0C92</key>
		<dict>
			<key>fileEncoding</key>
			<string>4</string>
			<key>isa</key>
			<string>PBXFileReference</string>
			<key>lastKnownFileType</key>
			<string>sourcecode.c.objc</string>
			<key>path</key>
			<string>NSObject+Extras.m</string>
			<key>sourceTree</key>
			<string>&lt;group&gt;</string>
		</dict>
		<key>C07F7C8D1957CB2900CF0C92</key>
		<dict>
			<key>fileRef</key>
			<string>C07F7C8C1957CB2900CF0C92</string>
			<key>isa</key>
			<string>PBXBuildFile</string>
		</dict>
		<key>C080EF8D1981F8C8009EF488</key>
		<dict>
			<key>children</key>
			<array>
				<string>C080EF8E1981F8C8009EF488</string>
				<string>C080EF8F1981F8C8009EF488</string>
			</array>
			<key>isa</key>
			<string>PBXGroup</string>
			<key>path</key>
			<string>BHTKeyboardAnimationBlocks</string>
			<key>sourceTree</key>
			<string>&lt;group&gt;</string>
		</dict>
		<key>C080EF8E1981F8C8009EF488</key>
		<dict>
			<key>fileEncoding</key>
			<string>4</string>
			<key>isa</key>
			<string>PBXFileReference</string>
			<key>lastKnownFileType</key>
			<string>sourcecode.c.h</string>
			<key>path</key>
			<string>UIViewController+BHTKeyboardNotifications.h</string>
			<key>sourceTree</key>
			<string>&lt;group&gt;</string>
		</dict>
		<key>C080EF8F1981F8C8009EF488</key>
		<dict>
			<key>fileEncoding</key>
			<string>4</string>
			<key>isa</key>
			<string>PBXFileReference</string>
			<key>lastKnownFileType</key>
			<string>sourcecode.c.objc</string>
			<key>path</key>
			<string>UIViewController+BHTKeyboardNotifications.m</string>
			<key>sourceTree</key>
			<string>&lt;group&gt;</string>
		</dict>
		<key>C080EF901981F8C8009EF488</key>
		<dict>
			<key>fileRef</key>
			<string>C080EF8F1981F8C8009EF488</string>
			<key>isa</key>
			<string>PBXBuildFile</string>
		</dict>
		<key>C0827F6F19675232000383D3</key>
		<dict>
			<key>children</key>
			<array>
				<string>C03A5C6D19D8D13100437500</string>
				<string>C080EF8D1981F8C8009EF488</string>
				<string>C05A476319B52F6500A13B25</string>
			</array>
			<key>isa</key>
			<string>PBXGroup</string>
			<key>path</key>
			<string>External libraries</string>
			<key>sourceTree</key>
			<string>&lt;group&gt;</string>
		</dict>
		<key>C082BDFD193BD86300A60D8E</key>
		<dict>
			<key>fileEncoding</key>
			<string>4</string>
			<key>isa</key>
			<string>PBXFileReference</string>
			<key>lastKnownFileType</key>
			<string>sourcecode.c.h</string>
			<key>path</key>
			<string>_STDCategory.h</string>
			<key>sourceTree</key>
			<string>&lt;group&gt;</string>
		</dict>
		<key>C082BDFE193BD86300A60D8E</key>
		<dict>
			<key>fileEncoding</key>
			<string>4</string>
			<key>isa</key>
			<string>PBXFileReference</string>
			<key>lastKnownFileType</key>
			<string>sourcecode.c.objc</string>
			<key>path</key>
			<string>_STDCategory.m</string>
			<key>sourceTree</key>
			<string>&lt;group&gt;</string>
		</dict>
		<key>C082BDFF193BD86300A60D8E</key>
		<dict>
			<key>fileEncoding</key>
			<string>4</string>
			<key>isa</key>
			<string>PBXFileReference</string>
			<key>lastKnownFileType</key>
			<string>sourcecode.c.h</string>
			<key>path</key>
			<string>_STDNote.h</string>
			<key>sourceTree</key>
			<string>&lt;group&gt;</string>
		</dict>
		<key>C082BE00193BD86300A60D8E</key>
		<dict>
			<key>fileEncoding</key>
			<string>4</string>
			<key>isa</key>
			<string>PBXFileReference</string>
			<key>lastKnownFileType</key>
			<string>sourcecode.c.objc</string>
			<key>path</key>
			<string>_STDNote.m</string>
			<key>sourceTree</key>
			<string>&lt;group&gt;</string>
		</dict>
		<key>C082BE01193BD86300A60D8E</key>
		<dict>
			<key>fileEncoding</key>
			<string>4</string>
			<key>isa</key>
			<string>PBXFileReference</string>
			<key>lastKnownFileType</key>
			<string>sourcecode.c.h</string>
			<key>path</key>
			<string>_STDSubtask.h</string>
			<key>sourceTree</key>
			<string>&lt;group&gt;</string>
		</dict>
		<key>C082BE02193BD86300A60D8E</key>
		<dict>
			<key>fileEncoding</key>
			<string>4</string>
			<key>isa</key>
			<string>PBXFileReference</string>
			<key>lastKnownFileType</key>
			<string>sourcecode.c.objc</string>
			<key>path</key>
			<string>_STDSubtask.m</string>
			<key>sourceTree</key>
			<string>&lt;group&gt;</string>
		</dict>
		<key>C082BE03193BD86300A60D8E</key>
		<dict>
			<key>fileEncoding</key>
			<string>4</string>
			<key>isa</key>
			<string>PBXFileReference</string>
			<key>lastKnownFileType</key>
			<string>sourcecode.c.h</string>
			<key>path</key>
			<string>_STDTask.h</string>
			<key>sourceTree</key>
			<string>&lt;group&gt;</string>
		</dict>
		<key>C082BE04193BD86300A60D8E</key>
		<dict>
			<key>fileEncoding</key>
			<string>4</string>
			<key>isa</key>
			<string>PBXFileReference</string>
			<key>lastKnownFileType</key>
			<string>sourcecode.c.objc</string>
			<key>path</key>
			<string>_STDTask.m</string>
			<key>sourceTree</key>
			<string>&lt;group&gt;</string>
		</dict>
		<key>C082BE05193BD86300A60D8E</key>
		<dict>
			<key>fileRef</key>
			<string>C082BDFE193BD86300A60D8E</string>
			<key>isa</key>
			<string>PBXBuildFile</string>
		</dict>
		<key>C082BE06193BD86300A60D8E</key>
		<dict>
			<key>fileRef</key>
			<string>C082BE00193BD86300A60D8E</string>
			<key>isa</key>
			<string>PBXBuildFile</string>
		</dict>
		<key>C082BE07193BD86300A60D8E</key>
		<dict>
			<key>fileRef</key>
			<string>C082BE02193BD86300A60D8E</string>
			<key>isa</key>
			<string>PBXBuildFile</string>
		</dict>
		<key>C082BE08193BD86300A60D8E</key>
		<dict>
			<key>fileRef</key>
			<string>C082BE04193BD86300A60D8E</string>
			<key>isa</key>
			<string>PBXBuildFile</string>
		</dict>
		<key>C082BE09193BD86C00A60D8E</key>
		<dict>
			<key>fileEncoding</key>
			<string>4</string>
			<key>isa</key>
			<string>PBXFileReference</string>
			<key>lastKnownFileType</key>
			<string>sourcecode.c.h</string>
			<key>path</key>
			<string>STDCategory.h</string>
			<key>sourceTree</key>
			<string>&lt;group&gt;</string>
		</dict>
		<key>C082BE0A193BD86C00A60D8E</key>
		<dict>
			<key>fileEncoding</key>
			<string>4</string>
			<key>isa</key>
			<string>PBXFileReference</string>
			<key>lastKnownFileType</key>
			<string>sourcecode.c.objc</string>
			<key>path</key>
			<string>STDCategory.m</string>
			<key>sourceTree</key>
			<string>&lt;group&gt;</string>
		</dict>
		<key>C082BE0B193BD86C00A60D8E</key>
		<dict>
			<key>fileEncoding</key>
			<string>4</string>
			<key>isa</key>
			<string>PBXFileReference</string>
			<key>lastKnownFileType</key>
			<string>sourcecode.c.h</string>
			<key>path</key>
			<string>STDNote.h</string>
			<key>sourceTree</key>
			<string>&lt;group&gt;</string>
		</dict>
		<key>C082BE0C193BD86C00A60D8E</key>
		<dict>
			<key>fileEncoding</key>
			<string>4</string>
			<key>isa</key>
			<string>PBXFileReference</string>
			<key>lastKnownFileType</key>
			<string>sourcecode.c.objc</string>
			<key>path</key>
			<string>STDNote.m</string>
			<key>sourceTree</key>
			<string>&lt;group&gt;</string>
		</dict>
		<key>C082BE0D193BD86C00A60D8E</key>
		<dict>
			<key>fileEncoding</key>
			<string>4</string>
			<key>isa</key>
			<string>PBXFileReference</string>
			<key>lastKnownFileType</key>
			<string>sourcecode.c.h</string>
			<key>path</key>
			<string>STDSubtask.h</string>
			<key>sourceTree</key>
			<string>&lt;group&gt;</string>
		</dict>
		<key>C082BE0E193BD86C00A60D8E</key>
		<dict>
			<key>fileEncoding</key>
			<string>4</string>
			<key>isa</key>
			<string>PBXFileReference</string>
			<key>lastKnownFileType</key>
			<string>sourcecode.c.objc</string>
			<key>path</key>
			<string>STDSubtask.m</string>
			<key>sourceTree</key>
			<string>&lt;group&gt;</string>
		</dict>
		<key>C082BE0F193BD86C00A60D8E</key>
		<dict>
			<key>fileEncoding</key>
			<string>4</string>
			<key>isa</key>
			<string>PBXFileReference</string>
			<key>lastKnownFileType</key>
			<string>sourcecode.c.h</string>
			<key>path</key>
			<string>STDTask.h</string>
			<key>sourceTree</key>
			<string>&lt;group&gt;</string>
		</dict>
		<key>C082BE10193BD86C00A60D8E</key>
		<dict>
			<key>fileEncoding</key>
			<string>4</string>
			<key>isa</key>
			<string>PBXFileReference</string>
			<key>lastKnownFileType</key>
			<string>sourcecode.c.objc</string>
			<key>path</key>
			<string>STDTask.m</string>
			<key>sourceTree</key>
			<string>&lt;group&gt;</string>
		</dict>
		<key>C082BE11193BD86C00A60D8E</key>
		<dict>
			<key>fileRef</key>
			<string>C082BE0A193BD86C00A60D8E</string>
			<key>isa</key>
			<string>PBXBuildFile</string>
		</dict>
		<key>C082BE12193BD86C00A60D8E</key>
		<dict>
			<key>fileRef</key>
			<string>C082BE0C193BD86C00A60D8E</string>
			<key>isa</key>
			<string>PBXBuildFile</string>
		</dict>
		<key>C082BE13193BD86C00A60D8E</key>
		<dict>
			<key>fileRef</key>
			<string>C082BE0E193BD86C00A60D8E</string>
			<key>isa</key>
			<string>PBXBuildFile</string>
		</dict>
		<key>C082BE14193BD86C00A60D8E</key>
		<dict>
			<key>fileRef</key>
			<string>C082BE10193BD86C00A60D8E</string>
			<key>isa</key>
			<string>PBXBuildFile</string>
		</dict>
		<key>C082BE15193BD88200A60D8E</key>
		<dict>
			<key>fileRef</key>
			<string>C082BE0A193BD86C00A60D8E</string>
			<key>isa</key>
			<string>PBXBuildFile</string>
		</dict>
		<key>C082BE16193BD88900A60D8E</key>
		<dict>
			<key>fileRef</key>
			<string>C082BE0C193BD86C00A60D8E</string>
			<key>isa</key>
			<string>PBXBuildFile</string>
		</dict>
		<key>C082BE17193BD88B00A60D8E</key>
		<dict>
			<key>fileRef</key>
			<string>C082BE0E193BD86C00A60D8E</string>
			<key>isa</key>
			<string>PBXBuildFile</string>
		</dict>
		<key>C082BE18193BD88E00A60D8E</key>
		<dict>
			<key>fileRef</key>
			<string>C082BE10193BD86C00A60D8E</string>
			<key>isa</key>
			<string>PBXBuildFile</string>
		</dict>
		<key>C082BE19193C17D900A60D8E</key>
		<dict>
			<key>children</key>
			<array>
				<string>C05A476719B5349600A13B25</string>
				<string>C05A476819B5349600A13B25</string>
				<string>C07F7C8B1957CB2900CF0C92</string>
				<string>C07F7C8C1957CB2900CF0C92</string>
				<string>C082BE1A193C17D900A60D8E</string>
				<string>C082BE1B193C17D900A60D8E</string>
				<string>C03A5C7119D8D16200437500</string>
				<string>C03A5C7219D8D16200437500</string>
			</array>
			<key>isa</key>
			<string>PBXGroup</string>
			<key>path</key>
			<string>Categories</string>
			<key>sourceTree</key>
			<string>&lt;group&gt;</string>
		</dict>
		<key>C082BE1A193C17D900A60D8E</key>
		<dict>
			<key>fileEncoding</key>
			<string>4</string>
			<key>isa</key>
			<string>PBXFileReference</string>
			<key>lastKnownFileType</key>
			<string>sourcecode.c.h</string>
			<key>path</key>
			<string>UIImage+Extras.h</string>
			<key>sourceTree</key>
			<string>&lt;group&gt;</string>
		</dict>
		<key>C082BE1B193C17D900A60D8E</key>
		<dict>
			<key>fileEncoding</key>
			<string>4</string>
			<key>isa</key>
			<string>PBXFileReference</string>
			<key>lastKnownFileType</key>
			<string>sourcecode.c.objc</string>
			<key>path</key>
			<string>UIImage+Extras.m</string>
			<key>sourceTree</key>
			<string>&lt;group&gt;</string>
		</dict>
		<key>C082BE1C193C17D900A60D8E</key>
		<dict>
			<key>fileRef</key>
			<string>C082BE1B193C17D900A60D8E</string>
			<key>isa</key>
			<string>PBXBuildFile</string>
		</dict>
		<key>C08FE1D71928163D0012F7D2</key>
		<dict>
			<key>children</key>
			<array>
				<string>C08FE1EB1928163D0012F7D2</string>
				<string>C08FE2081928163D0012F7D2</string>
				<string>C08FE1E21928163D0012F7D2</string>
				<string>C08FE1E11928163D0012F7D2</string>
				<string>AE76B2C3C7CEDADEE9625F6E</string>
			</array>
			<key>isa</key>
			<string>PBXGroup</string>
			<key>sourceTree</key>
			<string>&lt;group&gt;</string>
		</dict>
		<key>C08FE1D81928163D0012F7D2</key>
		<dict>
			<key>attributes</key>
			<dict>
				<key>CLASSPREFIX</key>
				<string>STD</string>
				<key>LastUpgradeCheck</key>
				<string>0600</string>
				<key>ORGANIZATIONNAME</key>
				<string>More Voltage</string>
				<key>TargetAttributes</key>
				<dict>
					<key>C08FE1DF1928163D0012F7D2</key>
					<dict>
						<key>DevelopmentTeam</key>
						<string>NNRNHY2N8B</string>
						<key>SystemCapabilities</key>
						<dict>
							<key>com.apple.iCloud</key>
							<dict>
								<key>enabled</key>
								<string>0</string>
							</dict>
						</dict>
					</dict>
					<key>C08FE1FF1928163D0012F7D2</key>
					<dict>
						<key>TestTargetID</key>
						<string>C08FE1DF1928163D0012F7D2</string>
					</dict>
				</dict>
			</dict>
			<key>buildConfigurationList</key>
			<string>C08FE1DB1928163D0012F7D2</string>
			<key>compatibilityVersion</key>
			<string>Xcode 3.2</string>
			<key>developmentRegion</key>
			<string>English</string>
			<key>hasScannedForEncodings</key>
			<string>0</string>
			<key>isa</key>
			<string>PBXProject</string>
			<key>knownRegions</key>
			<array>
				<string>en</string>
			</array>
			<key>mainGroup</key>
			<string>C08FE1D71928163D0012F7D2</string>
			<key>productRefGroup</key>
			<string>C08FE1E11928163D0012F7D2</string>
			<key>projectDirPath</key>
			<string></string>
			<key>projectReferences</key>
			<array/>
			<key>projectRoot</key>
			<string></string>
			<key>targets</key>
			<array>
				<string>C08FE1DF1928163D0012F7D2</string>
				<string>C08FE1FF1928163D0012F7D2</string>
				<string>C0C7B2E41933C8C9005189C9</string>
			</array>
		</dict>
		<key>C08FE1DB1928163D0012F7D2</key>
		<dict>
			<key>buildConfigurations</key>
			<array>
				<string>C08FE2101928163D0012F7D2</string>
				<string>C08FE2111928163D0012F7D2</string>
			</array>
			<key>defaultConfigurationIsVisible</key>
			<string>0</string>
			<key>defaultConfigurationName</key>
			<string>Release</string>
			<key>isa</key>
			<string>XCConfigurationList</string>
		</dict>
		<key>C08FE1DC1928163D0012F7D2</key>
		<dict>
			<key>buildActionMask</key>
			<string>2147483647</string>
			<key>files</key>
			<array>
				<string>C082BE12193BD86C00A60D8E</string>
				<string>C0C462541932BFD10031E256</string>
				<string>C082BE05193BD86300A60D8E</string>
				<string>C0F933331986178A00FC7329</string>
				<string>C082BE14193BD86C00A60D8E</string>
				<string>C082BE13193BD86C00A60D8E</string>
				<string>C082BE08193BD86300A60D8E</string>
				<string>C03A5C7319D8D16200437500</string>
				<string>C03A5C7019D8D13100437500</string>
				<string>C0C4625A1932BFFD0031E256</string>
				<string>C05A476919B5349600A13B25</string>
				<string>C06F19CE1960D308000BEDD8</string>
				<string>C082BE06193BD86300A60D8E</string>
				<string>C080EF901981F8C8009EF488</string>
				<string>C07F7C8D1957CB2900CF0C92</string>
				<string>C05A476619B52F6500A13B25</string>
				<string>C082BE11193BD86C00A60D8E</string>
				<string>C01D74CB19A1445200905EBD</string>
				<string>C01CB78919281EC000499B28</string>
				<string>C0C462571932BFEC0031E256</string>
				<string>C01CB78719281EC000499B28</string>
				<string>C0C462511932BDF20031E256</string>
				<string>C01CB78619281EC000499B28</string>
				<string>C082BE1C193C17D900A60D8E</string>
				<string>C082BE07193BD86300A60D8E</string>
			</array>
			<key>isa</key>
			<string>PBXSourcesBuildPhase</string>
			<key>runOnlyForDeploymentPostprocessing</key>
			<string>0</string>
		</dict>
		<key>C08FE1DD1928163D0012F7D2</key>
		<dict>
			<key>buildActionMask</key>
			<string>2147483647</string>
			<key>files</key>
			<array>
				<string>C08FE1E61928163D0012F7D2</string>
				<string>C08FE1EA1928163D0012F7D2</string>
				<string>C08FE1E81928163D0012F7D2</string>
				<string>C08FE1E41928163D0012F7D2</string>
				<string>B27C318287A24E1D8856CD87</string>
			</array>
			<key>isa</key>
			<string>PBXFrameworksBuildPhase</string>
			<key>runOnlyForDeploymentPostprocessing</key>
			<string>0</string>
		</dict>
		<key>C08FE1DE1928163D0012F7D2</key>
		<dict>
			<key>buildActionMask</key>
			<string>2147483647</string>
			<key>files</key>
			<array>
				<string>C06F19CF1960D308000BEDD8</string>
				<string>C01CB78519281EC000499B28</string>
				<string>C01CB78819281EC000499B28</string>
				<string>C01D74C819A141BA00905EBD</string>
				<string>C0D5C6C119B3EF1E0010C13A</string>
				<string>C03A5C7519D8E0DB00437500</string>
				<string>C0D5C6C219B3EF1E0010C13A</string>
				<string>C0D5C6C019B3EF1E0010C13A</string>
				<string>C01CB78A19281EC000499B28</string>
				<string>C0D5C6BF19B3EF1E0010C13A</string>
			</array>
			<key>isa</key>
			<string>PBXResourcesBuildPhase</string>
			<key>runOnlyForDeploymentPostprocessing</key>
			<string>0</string>
		</dict>
		<key>C08FE1DF1928163D0012F7D2</key>
		<dict>
			<key>buildConfigurationList</key>
			<string>C08FE2121928163D0012F7D2</string>
			<key>buildPhases</key>
			<array>
				<string>1BD65590FC9B463E84F44239</string>
				<string>C08FE1DC1928163D0012F7D2</string>
				<string>C08FE1DD1928163D0012F7D2</string>
				<string>C08FE1DE1928163D0012F7D2</string>
				<string>5E1FF7FB2C8D44598DE88470</string>
			</array>
			<key>buildRules</key>
			<array/>
			<key>dependencies</key>
			<array/>
			<key>isa</key>
			<string>PBXNativeTarget</string>
			<key>name</key>
			<string>STD</string>
			<key>productName</key>
			<string>STD</string>
			<key>productReference</key>
			<string>C08FE1E01928163D0012F7D2</string>
			<key>productType</key>
			<string>com.apple.product-type.application</string>
		</dict>
		<key>C08FE1E01928163D0012F7D2</key>
		<dict>
			<key>explicitFileType</key>
			<string>wrapper.application</string>
			<key>includeInIndex</key>
			<string>0</string>
			<key>isa</key>
			<string>PBXFileReference</string>
			<key>path</key>
			<string>STD.app</string>
			<key>sourceTree</key>
			<string>BUILT_PRODUCTS_DIR</string>
		</dict>
		<key>C08FE1E11928163D0012F7D2</key>
		<dict>
			<key>children</key>
			<array>
				<string>C08FE1E01928163D0012F7D2</string>
				<string>C08FE2001928163D0012F7D2</string>
			</array>
			<key>isa</key>
			<string>PBXGroup</string>
			<key>name</key>
			<string>Products</string>
			<key>sourceTree</key>
			<string>&lt;group&gt;</string>
		</dict>
		<key>C08FE1E21928163D0012F7D2</key>
		<dict>
			<key>children</key>
			<array>
				<string>C08FE1E31928163D0012F7D2</string>
				<string>C08FE1E51928163D0012F7D2</string>
				<string>C08FE1E71928163D0012F7D2</string>
				<string>C08FE1E91928163D0012F7D2</string>
				<string>C08FE2011928163D0012F7D2</string>
				<string>CE5729C3CBEE4252A6670778</string>
			</array>
			<key>isa</key>
			<string>PBXGroup</string>
			<key>name</key>
			<string>Frameworks</string>
			<key>sourceTree</key>
			<string>&lt;group&gt;</string>
		</dict>
		<key>C08FE1E31928163D0012F7D2</key>
		<dict>
			<key>isa</key>
			<string>PBXFileReference</string>
			<key>lastKnownFileType</key>
			<string>wrapper.framework</string>
			<key>name</key>
			<string>Foundation.framework</string>
			<key>path</key>
			<string>System/Library/Frameworks/Foundation.framework</string>
			<key>sourceTree</key>
			<string>SDKROOT</string>
		</dict>
		<key>C08FE1E41928163D0012F7D2</key>
		<dict>
			<key>fileRef</key>
			<string>C08FE1E31928163D0012F7D2</string>
			<key>isa</key>
			<string>PBXBuildFile</string>
		</dict>
		<key>C08FE1E51928163D0012F7D2</key>
		<dict>
			<key>isa</key>
			<string>PBXFileReference</string>
			<key>lastKnownFileType</key>
			<string>wrapper.framework</string>
			<key>name</key>
			<string>CoreGraphics.framework</string>
			<key>path</key>
			<string>System/Library/Frameworks/CoreGraphics.framework</string>
			<key>sourceTree</key>
			<string>SDKROOT</string>
		</dict>
		<key>C08FE1E61928163D0012F7D2</key>
		<dict>
			<key>fileRef</key>
			<string>C08FE1E51928163D0012F7D2</string>
			<key>isa</key>
			<string>PBXBuildFile</string>
		</dict>
		<key>C08FE1E71928163D0012F7D2</key>
		<dict>
			<key>isa</key>
			<string>PBXFileReference</string>
			<key>lastKnownFileType</key>
			<string>wrapper.framework</string>
			<key>name</key>
			<string>UIKit.framework</string>
			<key>path</key>
			<string>System/Library/Frameworks/UIKit.framework</string>
			<key>sourceTree</key>
			<string>SDKROOT</string>
		</dict>
		<key>C08FE1E81928163D0012F7D2</key>
		<dict>
			<key>fileRef</key>
			<string>C08FE1E71928163D0012F7D2</string>
			<key>isa</key>
			<string>PBXBuildFile</string>
		</dict>
		<key>C08FE1E91928163D0012F7D2</key>
		<dict>
			<key>isa</key>
			<string>PBXFileReference</string>
			<key>lastKnownFileType</key>
			<string>wrapper.framework</string>
			<key>name</key>
			<string>CoreData.framework</string>
			<key>path</key>
			<string>System/Library/Frameworks/CoreData.framework</string>
			<key>sourceTree</key>
			<string>SDKROOT</string>
		</dict>
		<key>C08FE1EA1928163D0012F7D2</key>
		<dict>
			<key>fileRef</key>
			<string>C08FE1E91928163D0012F7D2</string>
			<key>isa</key>
			<string>PBXBuildFile</string>
		</dict>
		<key>C08FE1EB1928163D0012F7D2</key>
		<dict>
			<key>children</key>
			<array>
				<string>C01CB77219281EC000499B28</string>
				<string>C01CB77319281EC000499B28</string>
				<string>C0827F6F19675232000383D3</string>
				<string>C01CB77619281EC000499B28</string>
				<string>C01CB77719281EC000499B28</string>
				<string>C01CB77A19281EC000499B28</string>
				<string>C01CB77D19281EC000499B28</string>
				<string>C0B70649196111B9007BD026</string>
				<string>C01CB77F19281EC000499B28</string>
				<string>C01CB78019281EC000499B28</string>
				<string>C01CB78119281EC000499B28</string>
				<string>C01CB78219281EC000499B28</string>
				<string>C01CB78419281EC000499B28</string>
			</array>
			<key>isa</key>
			<string>PBXGroup</string>
			<key>path</key>
			<string>STD</string>
			<key>sourceTree</key>
			<string>&lt;group&gt;</string>
		</dict>
		<key>C08FE1FC1928163D0012F7D2</key>
		<dict>
			<key>buildActionMask</key>
			<string>2147483647</string>
			<key>files</key>
			<array>
				<string>C082BE16193BD88900A60D8E</string>
				<string>C08FE20F1928163D0012F7D2</string>
				<string>C082BE15193BD88200A60D8E</string>
				<string>C082BE18193BD88E00A60D8E</string>
				<string>C082BE17193BD88B00A60D8E</string>
			</array>
			<key>isa</key>
			<string>PBXSourcesBuildPhase</string>
			<key>runOnlyForDeploymentPostprocessing</key>
			<string>0</string>
		</dict>
		<key>C08FE1FD1928163D0012F7D2</key>
		<dict>
			<key>buildActionMask</key>
			<string>2147483647</string>
			<key>files</key>
			<array>
				<string>C08FE2021928163D0012F7D2</string>
				<string>C08FE2051928163D0012F7D2</string>
				<string>C08FE2041928163D0012F7D2</string>
				<string>C08FE2031928163D0012F7D2</string>
			</array>
			<key>isa</key>
			<string>PBXFrameworksBuildPhase</string>
			<key>runOnlyForDeploymentPostprocessing</key>
			<string>0</string>
		</dict>
		<key>C08FE1FE1928163D0012F7D2</key>
		<dict>
			<key>buildActionMask</key>
			<string>2147483647</string>
			<key>files</key>
			<array>
				<string>C08FE20D1928163D0012F7D2</string>
			</array>
			<key>isa</key>
			<string>PBXResourcesBuildPhase</string>
			<key>runOnlyForDeploymentPostprocessing</key>
			<string>0</string>
		</dict>
		<key>C08FE1FF1928163D0012F7D2</key>
		<dict>
			<key>buildConfigurationList</key>
			<string>C08FE2151928163D0012F7D2</string>
			<key>buildPhases</key>
			<array>
				<string>C08FE1FC1928163D0012F7D2</string>
				<string>C08FE1FD1928163D0012F7D2</string>
				<string>C08FE1FE1928163D0012F7D2</string>
			</array>
			<key>buildRules</key>
			<array/>
			<key>dependencies</key>
			<array>
				<string>C08FE2071928163D0012F7D2</string>
				<string>C029468119859BF200C076F8</string>
			</array>
			<key>isa</key>
			<string>PBXNativeTarget</string>
			<key>name</key>
			<string>STDTests</string>
			<key>productName</key>
			<string>STDTests</string>
			<key>productReference</key>
			<string>C08FE2001928163D0012F7D2</string>
			<key>productType</key>
			<string>com.apple.product-type.bundle.unit-test</string>
		</dict>
		<key>C08FE2001928163D0012F7D2</key>
		<dict>
			<key>explicitFileType</key>
			<string>wrapper.cfbundle</string>
			<key>includeInIndex</key>
			<string>0</string>
			<key>isa</key>
			<string>PBXFileReference</string>
			<key>path</key>
			<string>STDTests.xctest</string>
			<key>sourceTree</key>
			<string>BUILT_PRODUCTS_DIR</string>
		</dict>
		<key>C08FE2011928163D0012F7D2</key>
		<dict>
			<key>isa</key>
			<string>PBXFileReference</string>
			<key>lastKnownFileType</key>
			<string>wrapper.framework</string>
			<key>name</key>
			<string>XCTest.framework</string>
			<key>path</key>
			<string>Library/Frameworks/XCTest.framework</string>
			<key>sourceTree</key>
			<string>DEVELOPER_DIR</string>
		</dict>
		<key>C08FE2021928163D0012F7D2</key>
		<dict>
			<key>fileRef</key>
			<string>C08FE2011928163D0012F7D2</string>
			<key>isa</key>
			<string>PBXBuildFile</string>
		</dict>
		<key>C08FE2031928163D0012F7D2</key>
		<dict>
			<key>fileRef</key>
			<string>C08FE1E31928163D0012F7D2</string>
			<key>isa</key>
			<string>PBXBuildFile</string>
		</dict>
		<key>C08FE2041928163D0012F7D2</key>
		<dict>
			<key>fileRef</key>
			<string>C08FE1E71928163D0012F7D2</string>
			<key>isa</key>
			<string>PBXBuildFile</string>
		</dict>
		<key>C08FE2051928163D0012F7D2</key>
		<dict>
			<key>fileRef</key>
			<string>C08FE1E91928163D0012F7D2</string>
			<key>isa</key>
			<string>PBXBuildFile</string>
		</dict>
		<key>C08FE2061928163D0012F7D2</key>
		<dict>
			<key>containerPortal</key>
			<string>C08FE1D81928163D0012F7D2</string>
			<key>isa</key>
			<string>PBXContainerItemProxy</string>
			<key>proxyType</key>
			<string>1</string>
			<key>remoteGlobalIDString</key>
			<string>C08FE1DF1928163D0012F7D2</string>
			<key>remoteInfo</key>
			<string>STD</string>
		</dict>
		<key>C08FE2071928163D0012F7D2</key>
		<dict>
			<key>isa</key>
			<string>PBXTargetDependency</string>
			<key>target</key>
			<string>C08FE1DF1928163D0012F7D2</string>
			<key>targetProxy</key>
			<string>C08FE2061928163D0012F7D2</string>
		</dict>
		<key>C08FE2081928163D0012F7D2</key>
		<dict>
			<key>children</key>
			<array>
				<string>C08FE20E1928163D0012F7D2</string>
				<string>C08FE2091928163D0012F7D2</string>
			</array>
			<key>isa</key>
			<string>PBXGroup</string>
			<key>path</key>
			<string>STDTests</string>
			<key>sourceTree</key>
			<string>&lt;group&gt;</string>
		</dict>
		<key>C08FE2091928163D0012F7D2</key>
		<dict>
			<key>children</key>
			<array>
				<string>C08FE20A1928163D0012F7D2</string>
				<string>C08FE20B1928163D0012F7D2</string>
			</array>
			<key>isa</key>
			<string>PBXGroup</string>
			<key>name</key>
			<string>Supporting Files</string>
			<key>sourceTree</key>
			<string>&lt;group&gt;</string>
		</dict>
		<key>C08FE20A1928163D0012F7D2</key>
		<dict>
			<key>isa</key>
			<string>PBXFileReference</string>
			<key>lastKnownFileType</key>
			<string>text.plist.xml</string>
			<key>path</key>
			<string>STDTests-Info.plist</string>
			<key>sourceTree</key>
			<string>&lt;group&gt;</string>
		</dict>
		<key>C08FE20B1928163D0012F7D2</key>
		<dict>
			<key>children</key>
			<array>
				<string>C08FE20C1928163D0012F7D2</string>
			</array>
			<key>isa</key>
			<string>PBXVariantGroup</string>
			<key>name</key>
			<string>InfoPlist.strings</string>
			<key>sourceTree</key>
			<string>&lt;group&gt;</string>
		</dict>
		<key>C08FE20C1928163D0012F7D2</key>
		<dict>
			<key>isa</key>
			<string>PBXFileReference</string>
			<key>lastKnownFileType</key>
			<string>text.plist.strings</string>
			<key>name</key>
			<string>en</string>
			<key>path</key>
			<string>en.lproj/InfoPlist.strings</string>
			<key>sourceTree</key>
			<string>&lt;group&gt;</string>
		</dict>
		<key>C08FE20D1928163D0012F7D2</key>
		<dict>
			<key>fileRef</key>
			<string>C08FE20B1928163D0012F7D2</string>
			<key>isa</key>
			<string>PBXBuildFile</string>
		</dict>
		<key>C08FE20E1928163D0012F7D2</key>
		<dict>
			<key>isa</key>
			<string>PBXFileReference</string>
			<key>lastKnownFileType</key>
			<string>sourcecode.c.objc</string>
			<key>path</key>
			<string>STDTests.m</string>
			<key>sourceTree</key>
			<string>&lt;group&gt;</string>
		</dict>
		<key>C08FE20F1928163D0012F7D2</key>
		<dict>
			<key>fileRef</key>
			<string>C08FE20E1928163D0012F7D2</string>
			<key>isa</key>
			<string>PBXBuildFile</string>
		</dict>
		<key>C08FE2101928163D0012F7D2</key>
		<dict>
			<key>buildSettings</key>
			<dict>
				<key>ALWAYS_SEARCH_USER_PATHS</key>
				<string>NO</string>
				<key>CLANG_CXX_LANGUAGE_STANDARD</key>
				<string>gnu++0x</string>
				<key>CLANG_CXX_LIBRARY</key>
				<string>libc++</string>
				<key>CLANG_ENABLE_MODULES</key>
				<string>YES</string>
				<key>CLANG_ENABLE_OBJC_ARC</key>
				<string>YES</string>
				<key>CLANG_WARN_BOOL_CONVERSION</key>
				<string>YES</string>
				<key>CLANG_WARN_CONSTANT_CONVERSION</key>
				<string>YES</string>
				<key>CLANG_WARN_DIRECT_OBJC_ISA_USAGE</key>
				<string>YES_ERROR</string>
				<key>CLANG_WARN_EMPTY_BODY</key>
				<string>YES</string>
				<key>CLANG_WARN_ENUM_CONVERSION</key>
				<string>YES</string>
				<key>CLANG_WARN_INT_CONVERSION</key>
				<string>YES</string>
				<key>CLANG_WARN_OBJC_ROOT_CLASS</key>
				<string>YES_ERROR</string>
				<key>CLANG_WARN__DUPLICATE_METHOD_MATCH</key>
				<string>YES</string>
				<key>COPY_PHASE_STRIP</key>
				<string>NO</string>
				<key>GCC_C_LANGUAGE_STANDARD</key>
				<string>gnu99</string>
				<key>GCC_DYNAMIC_NO_PIC</key>
				<string>NO</string>
				<key>GCC_OPTIMIZATION_LEVEL</key>
				<string>0</string>
				<key>GCC_PREPROCESSOR_DEFINITIONS</key>
				<array>
					<string>DEBUG=1</string>
					<string>$(inherited)</string>
				</array>
				<key>GCC_SYMBOLS_PRIVATE_EXTERN</key>
				<string>NO</string>
				<key>GCC_WARN_64_TO_32_BIT_CONVERSION</key>
				<string>YES</string>
				<key>GCC_WARN_ABOUT_RETURN_TYPE</key>
				<string>YES_ERROR</string>
				<key>GCC_WARN_UNDECLARED_SELECTOR</key>
				<string>YES</string>
				<key>GCC_WARN_UNINITIALIZED_AUTOS</key>
				<string>YES_AGGRESSIVE</string>
				<key>GCC_WARN_UNUSED_FUNCTION</key>
				<string>YES</string>
				<key>GCC_WARN_UNUSED_VARIABLE</key>
				<string>YES</string>
				<key>IPHONEOS_DEPLOYMENT_TARGET</key>
				<string>7.1</string>
				<key>ONLY_ACTIVE_ARCH</key>
				<string>YES</string>
				<key>SDKROOT</key>
				<string>iphoneos</string>
			</dict>
			<key>isa</key>
			<string>XCBuildConfiguration</string>
			<key>name</key>
			<string>Debug</string>
		</dict>
		<key>C08FE2111928163D0012F7D2</key>
		<dict>
			<key>buildSettings</key>
			<dict>
				<key>ALWAYS_SEARCH_USER_PATHS</key>
				<string>NO</string>
				<key>CLANG_CXX_LANGUAGE_STANDARD</key>
				<string>gnu++0x</string>
				<key>CLANG_CXX_LIBRARY</key>
				<string>libc++</string>
				<key>CLANG_ENABLE_MODULES</key>
				<string>YES</string>
				<key>CLANG_ENABLE_OBJC_ARC</key>
				<string>YES</string>
				<key>CLANG_WARN_BOOL_CONVERSION</key>
				<string>YES</string>
				<key>CLANG_WARN_CONSTANT_CONVERSION</key>
				<string>YES</string>
				<key>CLANG_WARN_DIRECT_OBJC_ISA_USAGE</key>
				<string>YES_ERROR</string>
				<key>CLANG_WARN_EMPTY_BODY</key>
				<string>YES</string>
				<key>CLANG_WARN_ENUM_CONVERSION</key>
				<string>YES</string>
				<key>CLANG_WARN_INT_CONVERSION</key>
				<string>YES</string>
				<key>CLANG_WARN_OBJC_ROOT_CLASS</key>
				<string>YES_ERROR</string>
				<key>CLANG_WARN__DUPLICATE_METHOD_MATCH</key>
				<string>YES</string>
				<key>COPY_PHASE_STRIP</key>
				<string>YES</string>
				<key>ENABLE_NS_ASSERTIONS</key>
				<string>NO</string>
				<key>GCC_C_LANGUAGE_STANDARD</key>
				<string>gnu99</string>
				<key>GCC_WARN_64_TO_32_BIT_CONVERSION</key>
				<string>YES</string>
				<key>GCC_WARN_ABOUT_RETURN_TYPE</key>
				<string>YES_ERROR</string>
				<key>GCC_WARN_UNDECLARED_SELECTOR</key>
				<string>YES</string>
				<key>GCC_WARN_UNINITIALIZED_AUTOS</key>
				<string>YES_AGGRESSIVE</string>
				<key>GCC_WARN_UNUSED_FUNCTION</key>
				<string>YES</string>
				<key>GCC_WARN_UNUSED_VARIABLE</key>
				<string>YES</string>
				<key>IPHONEOS_DEPLOYMENT_TARGET</key>
				<string>7.1</string>
				<key>SDKROOT</key>
				<string>iphoneos</string>
				<key>VALIDATE_PRODUCT</key>
				<string>YES</string>
			</dict>
			<key>isa</key>
			<string>XCBuildConfiguration</string>
			<key>name</key>
			<string>Release</string>
		</dict>
		<key>C08FE2121928163D0012F7D2</key>
		<dict>
			<key>buildConfigurations</key>
			<array>
				<string>C08FE2131928163D0012F7D2</string>
				<string>C08FE2141928163D0012F7D2</string>
			</array>
			<key>defaultConfigurationIsVisible</key>
			<string>0</string>
			<key>defaultConfigurationName</key>
			<string>Release</string>
			<key>isa</key>
			<string>XCConfigurationList</string>
		</dict>
		<key>C08FE2131928163D0012F7D2</key>
		<dict>
			<key>baseConfigurationReference</key>
			<string>CDAC26A05A6D26D6403EFA4A</string>
			<key>buildSettings</key>
			<dict>
				<key>ASSETCATALOG_COMPILER_APPICON_NAME</key>
				<string>AppIcon</string>
				<key>ASSETCATALOG_COMPILER_LAUNCHIMAGE_NAME</key>
				<string>LaunchImage</string>
				<key>CODE_SIGN_IDENTITY</key>
				<string>iPhone Developer</string>
				<key>CODE_SIGN_IDENTITY[sdk=iphoneos*]</key>
				<string>iPhone Developer</string>
				<key>GCC_PRECOMPILE_PREFIX_HEADER</key>
				<string>YES</string>
				<key>GCC_PREFIX_HEADER</key>
				<string>STD/Other sources/STD-Prefix.pch</string>
				<key>INFOPLIST_FILE</key>
				<string>$(SRCROOT)/STD/Supporting files/STD-Info.plist</string>
				<key>PRODUCT_NAME</key>
				<string>$(TARGET_NAME)</string>
				<key>PROVISIONING_PROFILE</key>
				<string></string>
				<key>WRAPPER_EXTENSION</key>
				<string>app</string>
			</dict>
			<key>isa</key>
			<string>XCBuildConfiguration</string>
			<key>name</key>
			<string>Debug</string>
		</dict>
		<key>C08FE2141928163D0012F7D2</key>
		<dict>
			<key>baseConfigurationReference</key>
			<string>43C346CBA7F5DE25649A106E</string>
			<key>buildSettings</key>
			<dict>
				<key>ASSETCATALOG_COMPILER_APPICON_NAME</key>
				<string>AppIcon</string>
				<key>ASSETCATALOG_COMPILER_LAUNCHIMAGE_NAME</key>
				<string>LaunchImage</string>
				<key>CODE_SIGN_IDENTITY</key>
				<string>iPhone Developer</string>
				<key>CODE_SIGN_IDENTITY[sdk=iphoneos*]</key>
				<string>iPhone Developer</string>
				<key>GCC_PRECOMPILE_PREFIX_HEADER</key>
				<string>YES</string>
				<key>GCC_PREFIX_HEADER</key>
				<string>STD/Other sources/STD-Prefix.pch</string>
				<key>INFOPLIST_FILE</key>
				<string>$(SRCROOT)/STD/Supporting files/STD-Info.plist</string>
				<key>PRODUCT_NAME</key>
				<string>$(TARGET_NAME)</string>
				<key>PROVISIONING_PROFILE</key>
				<string></string>
				<key>WRAPPER_EXTENSION</key>
				<string>app</string>
			</dict>
			<key>isa</key>
			<string>XCBuildConfiguration</string>
			<key>name</key>
			<string>Release</string>
		</dict>
		<key>C08FE2151928163D0012F7D2</key>
		<dict>
			<key>buildConfigurations</key>
			<array>
				<string>C08FE2161928163D0012F7D2</string>
				<string>C08FE2171928163D0012F7D2</string>
			</array>
			<key>defaultConfigurationIsVisible</key>
			<string>0</string>
			<key>defaultConfigurationName</key>
			<string>Release</string>
			<key>isa</key>
			<string>XCConfigurationList</string>
		</dict>
		<key>C08FE2161928163D0012F7D2</key>
		<dict>
			<key>buildSettings</key>
			<dict>
				<key>BUNDLE_LOADER</key>
				<string>$(BUILT_PRODUCTS_DIR)/STD.app/STD</string>
				<key>FRAMEWORK_SEARCH_PATHS</key>
				<array>
					<string>$(SDKROOT)/Developer/Library/Frameworks</string>
					<string>$(inherited)</string>
					<string>$(DEVELOPER_FRAMEWORKS_DIR)</string>
				</array>
				<key>GCC_PRECOMPILE_PREFIX_HEADER</key>
				<string>YES</string>
				<key>GCC_PREFIX_HEADER</key>
				<string>STD/STD-Prefix.pch</string>
				<key>GCC_PREPROCESSOR_DEFINITIONS</key>
				<array>
					<string>DEBUG=1</string>
					<string>$(inherited)</string>
				</array>
				<key>INFOPLIST_FILE</key>
				<string>STDTests/STDTests-Info.plist</string>
				<key>PRODUCT_NAME</key>
				<string>$(TARGET_NAME)</string>
				<key>TEST_HOST</key>
				<string>$(BUNDLE_LOADER)</string>
				<key>WRAPPER_EXTENSION</key>
				<string>xctest</string>
			</dict>
			<key>isa</key>
			<string>XCBuildConfiguration</string>
			<key>name</key>
			<string>Debug</string>
		</dict>
		<key>C08FE2171928163D0012F7D2</key>
		<dict>
			<key>buildSettings</key>
			<dict>
				<key>BUNDLE_LOADER</key>
				<string>$(BUILT_PRODUCTS_DIR)/STD.app/STD</string>
				<key>FRAMEWORK_SEARCH_PATHS</key>
				<array>
					<string>$(SDKROOT)/Developer/Library/Frameworks</string>
					<string>$(inherited)</string>
					<string>$(DEVELOPER_FRAMEWORKS_DIR)</string>
				</array>
				<key>GCC_PRECOMPILE_PREFIX_HEADER</key>
				<string>YES</string>
				<key>GCC_PREFIX_HEADER</key>
				<string>STD/STD-Prefix.pch</string>
				<key>INFOPLIST_FILE</key>
				<string>STDTests/STDTests-Info.plist</string>
				<key>PRODUCT_NAME</key>
				<string>$(TARGET_NAME)</string>
				<key>TEST_HOST</key>
				<string>$(BUNDLE_LOADER)</string>
				<key>WRAPPER_EXTENSION</key>
				<string>xctest</string>
			</dict>
			<key>isa</key>
			<string>XCBuildConfiguration</string>
			<key>name</key>
			<string>Release</string>
		</dict>
		<key>C0B70649196111B9007BD026</key>
		<dict>
			<key>isa</key>
			<string>PBXFileReference</string>
			<key>lastKnownFileType</key>
			<string>text.xml</string>
			<key>path</key>
			<string>STD.entitlements</string>
			<key>sourceTree</key>
			<string>&lt;group&gt;</string>
		</dict>
		<key>C0C4624F1932BDF20031E256</key>
		<dict>
			<key>fileEncoding</key>
			<string>4</string>
			<key>isa</key>
			<string>PBXFileReference</string>
			<key>lastKnownFileType</key>
			<string>sourcecode.c.h</string>
			<key>path</key>
			<string>STDHomepageViewController.h</string>
			<key>sourceTree</key>
			<string>&lt;group&gt;</string>
		</dict>
		<key>C0C462501932BDF20031E256</key>
		<dict>
			<key>fileEncoding</key>
			<string>4</string>
			<key>isa</key>
			<string>PBXFileReference</string>
			<key>lastKnownFileType</key>
			<string>sourcecode.c.objc</string>
			<key>path</key>
			<string>STDHomepageViewController.m</string>
			<key>sourceTree</key>
			<string>&lt;group&gt;</string>
		</dict>
		<key>C0C462511932BDF20031E256</key>
		<dict>
			<key>fileRef</key>
			<string>C0C462501932BDF20031E256</string>
			<key>isa</key>
			<string>PBXBuildFile</string>
		</dict>
		<key>C0C462521932BFD10031E256</key>
		<dict>
			<key>fileEncoding</key>
			<string>4</string>
			<key>isa</key>
			<string>PBXFileReference</string>
			<key>lastKnownFileType</key>
			<string>sourcecode.c.h</string>
			<key>path</key>
			<string>STDSubtasksViewController.h</string>
			<key>sourceTree</key>
			<string>&lt;group&gt;</string>
		</dict>
		<key>C0C462531932BFD10031E256</key>
		<dict>
			<key>fileEncoding</key>
			<string>4</string>
			<key>isa</key>
			<string>PBXFileReference</string>
			<key>lastKnownFileType</key>
			<string>sourcecode.c.objc</string>
			<key>path</key>
			<string>STDSubtasksViewController.m</string>
			<key>sourceTree</key>
			<string>&lt;group&gt;</string>
		</dict>
		<key>C0C462541932BFD10031E256</key>
		<dict>
			<key>fileRef</key>
			<string>C0C462531932BFD10031E256</string>
			<key>isa</key>
			<string>PBXBuildFile</string>
		</dict>
		<key>C0C462551932BFEC0031E256</key>
		<dict>
			<key>fileEncoding</key>
			<string>4</string>
			<key>isa</key>
			<string>PBXFileReference</string>
			<key>lastKnownFileType</key>
			<string>sourcecode.c.h</string>
			<key>path</key>
			<string>STDNotesViewController.h</string>
			<key>sourceTree</key>
			<string>&lt;group&gt;</string>
		</dict>
		<key>C0C462561932BFEC0031E256</key>
		<dict>
			<key>fileEncoding</key>
			<string>4</string>
			<key>isa</key>
			<string>PBXFileReference</string>
			<key>lastKnownFileType</key>
			<string>sourcecode.c.objc</string>
			<key>path</key>
			<string>STDNotesViewController.m</string>
			<key>sourceTree</key>
			<string>&lt;group&gt;</string>
		</dict>
		<key>C0C462571932BFEC0031E256</key>
		<dict>
			<key>fileRef</key>
			<string>C0C462561932BFEC0031E256</string>
			<key>isa</key>
			<string>PBXBuildFile</string>
		</dict>
		<key>C0C462581932BFFD0031E256</key>
		<dict>
			<key>fileEncoding</key>
			<string>4</string>
			<key>isa</key>
			<string>PBXFileReference</string>
			<key>lastKnownFileType</key>
			<string>sourcecode.c.h</string>
			<key>path</key>
			<string>STDSettingsViewController.h</string>
			<key>sourceTree</key>
			<string>&lt;group&gt;</string>
		</dict>
		<key>C0C462591932BFFD0031E256</key>
		<dict>
			<key>fileEncoding</key>
			<string>4</string>
			<key>isa</key>
			<string>PBXFileReference</string>
			<key>lastKnownFileType</key>
			<string>sourcecode.c.objc</string>
			<key>path</key>
			<string>STDSettingsViewController.m</string>
			<key>sourceTree</key>
			<string>&lt;group&gt;</string>
		</dict>
		<key>C0C4625A1932BFFD0031E256</key>
		<dict>
			<key>fileRef</key>
			<string>C0C462591932BFFD0031E256</string>
			<key>isa</key>
			<string>PBXBuildFile</string>
		</dict>
		<key>C0C7B2E41933C8C9005189C9</key>
		<dict>
			<key>buildConfigurationList</key>
			<string>C0C7B2E71933C8C9005189C9</string>
			<key>buildPhases</key>
			<array>
				<string>C0C7B2E81933C8FD005189C9</string>
			</array>
			<key>dependencies</key>
			<array/>
			<key>isa</key>
			<string>PBXAggregateTarget</string>
			<key>name</key>
			<string>Mogenerator</string>
			<key>productName</key>
			<string>Mogenerator</string>
		</dict>
		<key>C0C7B2E51933C8C9005189C9</key>
		<dict>
			<key>buildSettings</key>
			<dict>
				<key>PRODUCT_NAME</key>
				<string>$(TARGET_NAME)</string>
			</dict>
			<key>isa</key>
			<string>XCBuildConfiguration</string>
			<key>name</key>
			<string>Debug</string>
		</dict>
		<key>C0C7B2E61933C8C9005189C9</key>
		<dict>
			<key>buildSettings</key>
			<dict>
				<key>PRODUCT_NAME</key>
				<string>$(TARGET_NAME)</string>
			</dict>
			<key>isa</key>
			<string>XCBuildConfiguration</string>
			<key>name</key>
			<string>Release</string>
		</dict>
		<key>C0C7B2E71933C8C9005189C9</key>
		<dict>
			<key>buildConfigurations</key>
			<array>
				<string>C0C7B2E51933C8C9005189C9</string>
				<string>C0C7B2E61933C8C9005189C9</string>
			</array>
			<key>defaultConfigurationIsVisible</key>
			<string>0</string>
			<key>defaultConfigurationName</key>
			<string>Release</string>
			<key>isa</key>
			<string>XCConfigurationList</string>
		</dict>
		<key>C0C7B2E81933C8FD005189C9</key>
		<dict>
			<key>buildActionMask</key>
			<string>2147483647</string>
			<key>files</key>
			<array/>
			<key>inputPaths</key>
			<array/>
			<key>isa</key>
			<string>PBXShellScriptBuildPhase</string>
			<key>outputPaths</key>
			<array/>
			<key>runOnlyForDeploymentPostprocessing</key>
			<string>0</string>
			<key>shellPath</key>
			<string>/bin/sh</string>
			<key>shellScript</key>
			<string>PATH=${PATH}:/usr/local/bin
mogenerator -m STD/Models/STD.xcdatamodeld -O STD/Models --template-var arc=true</string>
		</dict>
		<key>C0D5C6BA19B3EF1E0010C13A</key>
		<dict>
			<key>children</key>
			<array>
				<string>C0D5C6BB19B3EF1E0010C13A</string>
				<string>C0D5C6BC19B3EF1E0010C13A</string>
				<string>C0D5C6BD19B3EF1E0010C13A</string>
				<string>C0D5C6BE19B3EF1E0010C13A</string>
			</array>
			<key>isa</key>
			<string>PBXGroup</string>
			<key>path</key>
			<string>Images</string>
			<key>sourceTree</key>
			<string>&lt;group&gt;</string>
		</dict>
		<key>C0D5C6BB19B3EF1E0010C13A</key>
		<dict>
			<key>isa</key>
			<string>PBXFileReference</string>
			<key>lastKnownFileType</key>
			<string>image.png</string>
			<key>path</key>
			<string>check@2x.png</string>
			<key>sourceTree</key>
			<string>&lt;group&gt;</string>
		</dict>
		<key>C0D5C6BC19B3EF1E0010C13A</key>
		<dict>
			<key>isa</key>
			<string>PBXFileReference</string>
			<key>lastKnownFileType</key>
			<string>image.png</string>
			<key>path</key>
			<string>clock@2x.png</string>
			<key>sourceTree</key>
			<string>&lt;group&gt;</string>
		</dict>
		<key>C0D5C6BD19B3EF1E0010C13A</key>
		<dict>
			<key>isa</key>
			<string>PBXFileReference</string>
			<key>lastKnownFileType</key>
			<string>image.png</string>
			<key>path</key>
			<string>cross@2x.png</string>
			<key>sourceTree</key>
			<string>&lt;group&gt;</string>
		</dict>
		<key>C0D5C6BE19B3EF1E0010C13A</key>
		<dict>
			<key>isa</key>
			<string>PBXFileReference</string>
			<key>lastKnownFileType</key>
			<string>image.png</string>
			<key>path</key>
			<string>list@2x.png</string>
			<key>sourceTree</key>
			<string>&lt;group&gt;</string>
		</dict>
		<key>C0D5C6BF19B3EF1E0010C13A</key>
		<dict>
			<key>fileRef</key>
			<string>C0D5C6BB19B3EF1E0010C13A</string>
			<key>isa</key>
			<string>PBXBuildFile</string>
		</dict>
		<key>C0D5C6C019B3EF1E0010C13A</key>
		<dict>
			<key>fileRef</key>
			<string>C0D5C6BC19B3EF1E0010C13A</string>
			<key>isa</key>
			<string>PBXBuildFile</string>
		</dict>
		<key>C0D5C6C119B3EF1E0010C13A</key>
		<dict>
			<key>fileRef</key>
			<string>C0D5C6BD19B3EF1E0010C13A</string>
			<key>isa</key>
			<string>PBXBuildFile</string>
		</dict>
		<key>C0D5C6C219B3EF1E0010C13A</key>
		<dict>
			<key>fileRef</key>
			<string>C0D5C6BE19B3EF1E0010C13A</string>
			<key>isa</key>
			<string>PBXBuildFile</string>
		</dict>
		<key>C0F933301986178A00FC7329</key>
		<dict>
			<key>fileEncoding</key>
			<string>4</string>
			<key>isa</key>
			<string>PBXFileReference</string>
			<key>lastKnownFileType</key>
			<string>sourcecode.c.h</string>
			<key>path</key>
			<string>STDSubtaskTableViewCell.h</string>
			<key>sourceTree</key>
			<string>&lt;group&gt;</string>
		</dict>
		<key>C0F933311986178A00FC7329</key>
		<dict>
			<key>fileEncoding</key>
			<string>4</string>
			<key>isa</key>
			<string>PBXFileReference</string>
			<key>lastKnownFileType</key>
			<string>sourcecode.c.objc</string>
			<key>path</key>
			<string>STDSubtaskTableViewCell.m</string>
			<key>sourceTree</key>
			<string>&lt;group&gt;</string>
		</dict>
		<key>C0F933331986178A00FC7329</key>
		<dict>
			<key>fileRef</key>
			<string>C0F933311986178A00FC7329</string>
			<key>isa</key>
			<string>PBXBuildFile</string>
		</dict>
		<key>CDAC26A05A6D26D6403EFA4A</key>
		<dict>
			<key>includeInIndex</key>
			<string>1</string>
			<key>isa</key>
			<string>PBXFileReference</string>
			<key>lastKnownFileType</key>
			<string>text.xcconfig</string>
			<key>name</key>
			<string>Pods.debug.xcconfig</string>
			<key>path</key>
			<string>Pods/Target Support Files/Pods/Pods.debug.xcconfig</string>
			<key>sourceTree</key>
			<string>&lt;group&gt;</string>
		</dict>
		<key>CE5729C3CBEE4252A6670778</key>
		<dict>
			<key>explicitFileType</key>
			<string>archive.ar</string>
			<key>includeInIndex</key>
			<string>0</string>
			<key>isa</key>
			<string>PBXFileReference</string>
			<key>path</key>
			<string>libPods.a</string>
			<key>sourceTree</key>
			<string>BUILT_PRODUCTS_DIR</string>
		</dict>
	</dict>
	<key>rootObject</key>
	<string>C08FE1D81928163D0012F7D2</string>
</dict>
</plist>
