// !$*UTF8*$!
{
	archiveVersion = 1;
	classes = {
	};
	objectVersion = 46;
	objects = {

/* Begin PBXBuildFile section */
		6BD7F7589223E69C0D20FF7B /* libPods-STD.a in Frameworks */ = {isa = PBXBuildFile; fileRef = C7218BF270A02BA30D6C2BE4 /* libPods-STD.a */; };
		8B0F7E581BCB3AC000E308B6 /* STDHomepageViewController.m in Sources */ = {isa = PBXBuildFile; fileRef = 8B0F7E171BCB3AC000E308B6 /* STDHomepageViewController.m */; settings = {ASSET_TAGS = (); }; };
		8B0F7E591BCB3AC000E308B6 /* STDNotesViewController.m in Sources */ = {isa = PBXBuildFile; fileRef = 8B0F7E191BCB3AC000E308B6 /* STDNotesViewController.m */; settings = {ASSET_TAGS = (); }; };
		8B0F7E5A1BCB3AC000E308B6 /* STDSettingsViewController.m in Sources */ = {isa = PBXBuildFile; fileRef = 8B0F7E1B1BCB3AC000E308B6 /* STDSettingsViewController.m */; settings = {ASSET_TAGS = (); }; };
		8B0F7E5B1BCB3AC000E308B6 /* STDSubtasksViewController.m in Sources */ = {isa = PBXBuildFile; fileRef = 8B0F7E1D1BCB3AC000E308B6 /* STDSubtasksViewController.m */; settings = {ASSET_TAGS = (); }; };
		8B0F7E5C1BCB3AC000E308B6 /* UITableView+LongPressReorder.m in Sources */ = {isa = PBXBuildFile; fileRef = 8B0F7E211BCB3AC000E308B6 /* UITableView+LongPressReorder.m */; settings = {ASSET_TAGS = (); }; };
		8B0F7E5D1BCB3AC000E308B6 /* NSManagedObject+Extras.m in Sources */ = {isa = PBXBuildFile; fileRef = 8B0F7E251BCB3AC000E308B6 /* NSManagedObject+Extras.m */; settings = {ASSET_TAGS = (); }; };
		8B0F7E5E1BCB3AC000E308B6 /* NSObject+Extras.m in Sources */ = {isa = PBXBuildFile; fileRef = 8B0F7E271BCB3AC000E308B6 /* NSObject+Extras.m */; settings = {ASSET_TAGS = (); }; };
		8B0F7E5F1BCB3AC000E308B6 /* UIActionSheet+Blocks.m in Sources */ = {isa = PBXBuildFile; fileRef = 8B0F7E291BCB3AC000E308B6 /* UIActionSheet+Blocks.m */; settings = {ASSET_TAGS = (); }; };
		8B0F7E601BCB3AC000E308B6 /* UIAlertView+Blocks.m in Sources */ = {isa = PBXBuildFile; fileRef = 8B0F7E2B1BCB3AC000E308B6 /* UIAlertView+Blocks.m */; settings = {ASSET_TAGS = (); }; };
		8B0F7E611BCB3AC000E308B6 /* UIImage+Extras.m in Sources */ = {isa = PBXBuildFile; fileRef = 8B0F7E2D1BCB3AC000E308B6 /* UIImage+Extras.m */; settings = {ASSET_TAGS = (); }; };
		8B0F7E621BCB3AC000E308B6 /* UIScrollView+Blocks.m in Sources */ = {isa = PBXBuildFile; fileRef = 8B0F7E2F1BCB3AC000E308B6 /* UIScrollView+Blocks.m */; settings = {ASSET_TAGS = (); }; };
		8B0F7E631BCB3AC000E308B6 /* UITableView+Separator.m in Sources */ = {isa = PBXBuildFile; fileRef = 8B0F7E311BCB3AC000E308B6 /* UITableView+Separator.m */; settings = {ASSET_TAGS = (); }; };
		8B0F7E641BCB3AC000E308B6 /* UITableViewCell+Strikethrough.m in Sources */ = {isa = PBXBuildFile; fileRef = 8B0F7E331BCB3AC000E308B6 /* UITableViewCell+Strikethrough.m */; settings = {ASSET_TAGS = (); }; };
		8B0F7E651BCB3AC000E308B6 /* UIView+Extras.m in Sources */ = {isa = PBXBuildFile; fileRef = 8B0F7E351BCB3AC000E308B6 /* UIView+Extras.m */; settings = {ASSET_TAGS = (); }; };
		8B0F7E661BCB3AC000E308B6 /* STDConstants.m in Sources */ = {isa = PBXBuildFile; fileRef = 8B0F7E371BCB3AC000E308B6 /* STDConstants.m */; settings = {ASSET_TAGS = (); }; };
		8B0F7E671BCB3AC000E308B6 /* STDCoreDataUtilities.m in Sources */ = {isa = PBXBuildFile; fileRef = 8B0F7E391BCB3AC000E308B6 /* STDCoreDataUtilities.m */; settings = {ASSET_TAGS = (); }; };
		8B0F7E681BCB3AC000E308B6 /* STDKeyboardListener.m in Sources */ = {isa = PBXBuildFile; fileRef = 8B0F7E3B1BCB3AC000E308B6 /* STDKeyboardListener.m */; settings = {ASSET_TAGS = (); }; };
		8B0F7E691BCB3AC000E308B6 /* STDUserDefaults.m in Sources */ = {isa = PBXBuildFile; fileRef = 8B0F7E3D1BCB3AC000E308B6 /* STDUserDefaults.m */; settings = {ASSET_TAGS = (); }; };
		8B0F7E6A1BCB3AC000E308B6 /* _STDCategory.m in Sources */ = {isa = PBXBuildFile; fileRef = 8B0F7E401BCB3AC000E308B6 /* _STDCategory.m */; settings = {ASSET_TAGS = (); }; };
		8B0F7E6B1BCB3AC000E308B6 /* _STDNote.m in Sources */ = {isa = PBXBuildFile; fileRef = 8B0F7E421BCB3AC000E308B6 /* _STDNote.m */; settings = {ASSET_TAGS = (); }; };
		8B0F7E6C1BCB3AC000E308B6 /* _STDTask.m in Sources */ = {isa = PBXBuildFile; fileRef = 8B0F7E441BCB3AC000E308B6 /* _STDTask.m */; settings = {ASSET_TAGS = (); }; };
		8B0F7E6D1BCB3AC000E308B6 /* STD.xcdatamodeld in Sources */ = {isa = PBXBuildFile; fileRef = 8B0F7E451BCB3AC000E308B6 /* STD.xcdatamodeld */; settings = {ASSET_TAGS = (); }; };
		8B0F7E6E1BCB3AC000E308B6 /* STDCategory.m in Sources */ = {isa = PBXBuildFile; fileRef = 8B0F7E481BCB3AC000E308B6 /* STDCategory.m */; settings = {ASSET_TAGS = (); }; };
		8B0F7E6F1BCB3AC000E308B6 /* STDNote.m in Sources */ = {isa = PBXBuildFile; fileRef = 8B0F7E4A1BCB3AC000E308B6 /* STDNote.m */; settings = {ASSET_TAGS = (); }; };
		8B0F7E701BCB3AC000E308B6 /* STDTask.m in Sources */ = {isa = PBXBuildFile; fileRef = 8B0F7E4C1BCB3AC000E308B6 /* STDTask.m */; settings = {ASSET_TAGS = (); }; };
		8B0F7E711BCB3AC000E308B6 /* Settings.bundle in Resources */ = {isa = PBXBuildFile; fileRef = 8B0F7E4D1BCB3AC000E308B6 /* Settings.bundle */; settings = {ASSET_TAGS = (); }; };
		8B0F7E721BCB3AC000E308B6 /* STDSubtaskTableViewCell.m in Sources */ = {isa = PBXBuildFile; fileRef = 8B0F7E511BCB3AC000E308B6 /* STDSubtaskTableViewCell.m */; settings = {ASSET_TAGS = (); }; };
		8B0F7E731BCB3AC000E308B6 /* STDSubtaskTableViewCell.xib in Resources */ = {isa = PBXBuildFile; fileRef = 8B0F7E521BCB3AC000E308B6 /* STDSubtaskTableViewCell.xib */; settings = {ASSET_TAGS = (); }; };
		8B0F7E741BCB3AC000E308B6 /* STDTaskTableViewCell.m in Sources */ = {isa = PBXBuildFile; fileRef = 8B0F7E541BCB3AC000E308B6 /* STDTaskTableViewCell.m */; settings = {ASSET_TAGS = (); }; };
		8B0F7E751BCB3AC000E308B6 /* STDTaskTableViewCell.xib in Resources */ = {isa = PBXBuildFile; fileRef = 8B0F7E551BCB3AC000E308B6 /* STDTaskTableViewCell.xib */; settings = {ASSET_TAGS = (); }; };
		8B0F7E761BCB3AC000E308B6 /* STDTaskTableViewHeaderFooterView.m in Sources */ = {isa = PBXBuildFile; fileRef = 8B0F7E571BCB3AC000E308B6 /* STDTaskTableViewHeaderFooterView.m */; settings = {ASSET_TAGS = (); }; };
		8BB19F671BCB0E0C00453FCD /* main.m in Sources */ = {isa = PBXBuildFile; fileRef = 8BB19F661BCB0E0C00453FCD /* main.m */; };
		8BB19F6A1BCB0E0C00453FCD /* AppDelegate.m in Sources */ = {isa = PBXBuildFile; fileRef = 8BB19F691BCB0E0C00453FCD /* AppDelegate.m */; };
		8BB19F701BCB0E0C00453FCD /* Main.storyboard in Resources */ = {isa = PBXBuildFile; fileRef = 8BB19F6E1BCB0E0C00453FCD /* Main.storyboard */; };
		8BB19F721BCB0E0C00453FCD /* Assets.xcassets in Resources */ = {isa = PBXBuildFile; fileRef = 8BB19F711BCB0E0C00453FCD /* Assets.xcassets */; };
		8BB19F751BCB0E0C00453FCD /* LaunchScreen.storyboard in Resources */ = {isa = PBXBuildFile; fileRef = 8BB19F731BCB0E0C00453FCD /* LaunchScreen.storyboard */; };
		8BB19F801BCB0E0C00453FCD /* STDTests.m in Sources */ = {isa = PBXBuildFile; fileRef = 8BB19F7F1BCB0E0C00453FCD /* STDTests.m */; };
		8BB19F8B1BCB0E0C00453FCD /* STDUITests.m in Sources */ = {isa = PBXBuildFile; fileRef = 8BB19F8A1BCB0E0C00453FCD /* STDUITests.m */; };
/* End PBXBuildFile section */

/* Begin PBXContainerItemProxy section */
		8BB19F7C1BCB0E0C00453FCD /* PBXContainerItemProxy */ = {
			isa = PBXContainerItemProxy;
			containerPortal = 8BB19F5A1BCB0E0C00453FCD /* Project object */;
			proxyType = 1;
			remoteGlobalIDString = 8BB19F611BCB0E0C00453FCD;
			remoteInfo = STD;
		};
		8BB19F871BCB0E0C00453FCD /* PBXContainerItemProxy */ = {
			isa = PBXContainerItemProxy;
			containerPortal = 8BB19F5A1BCB0E0C00453FCD /* Project object */;
			proxyType = 1;
			remoteGlobalIDString = 8BB19F611BCB0E0C00453FCD;
			remoteInfo = STD;
		};
/* End PBXContainerItemProxy section */

/* Begin PBXFileReference section */
		311A1D06BCE546D7B43BFDF7 /* Pods-STD.debug.xcconfig */ = {isa = PBXFileReference; includeInIndex = 1; lastKnownFileType = text.xcconfig; name = "Pods-STD.debug.xcconfig"; path = "Pods/Target Support Files/Pods-STD/Pods-STD.debug.xcconfig"; sourceTree = "<group>"; };
		7B8DE52BC0904544F18762A5 /* Pods-STD.release.xcconfig */ = {isa = PBXFileReference; includeInIndex = 1; lastKnownFileType = text.xcconfig; name = "Pods-STD.release.xcconfig"; path = "Pods/Target Support Files/Pods-STD/Pods-STD.release.xcconfig"; sourceTree = "<group>"; };
		8B0F7E161BCB3AC000E308B6 /* STDHomepageViewController.h */ = {isa = PBXFileReference; fileEncoding = 4; lastKnownFileType = sourcecode.c.h; path = STDHomepageViewController.h; sourceTree = "<group>"; };
		8B0F7E171BCB3AC000E308B6 /* STDHomepageViewController.m */ = {isa = PBXFileReference; fileEncoding = 4; lastKnownFileType = sourcecode.c.objc; path = STDHomepageViewController.m; sourceTree = "<group>"; };
		8B0F7E181BCB3AC000E308B6 /* STDNotesViewController.h */ = {isa = PBXFileReference; fileEncoding = 4; lastKnownFileType = sourcecode.c.h; path = STDNotesViewController.h; sourceTree = "<group>"; };
		8B0F7E191BCB3AC000E308B6 /* STDNotesViewController.m */ = {isa = PBXFileReference; fileEncoding = 4; lastKnownFileType = sourcecode.c.objc; path = STDNotesViewController.m; sourceTree = "<group>"; };
		8B0F7E1A1BCB3AC000E308B6 /* STDSettingsViewController.h */ = {isa = PBXFileReference; fileEncoding = 4; lastKnownFileType = sourcecode.c.h; path = STDSettingsViewController.h; sourceTree = "<group>"; };
		8B0F7E1B1BCB3AC000E308B6 /* STDSettingsViewController.m */ = {isa = PBXFileReference; fileEncoding = 4; lastKnownFileType = sourcecode.c.objc; path = STDSettingsViewController.m; sourceTree = "<group>"; };
		8B0F7E1C1BCB3AC000E308B6 /* STDSubtasksViewController.h */ = {isa = PBXFileReference; fileEncoding = 4; lastKnownFileType = sourcecode.c.h; path = STDSubtasksViewController.h; sourceTree = "<group>"; };
		8B0F7E1D1BCB3AC000E308B6 /* STDSubtasksViewController.m */ = {isa = PBXFileReference; fileEncoding = 4; lastKnownFileType = sourcecode.c.objc; path = STDSubtasksViewController.m; sourceTree = "<group>"; };
		8B0F7E201BCB3AC000E308B6 /* UITableView+LongPressReorder.h */ = {isa = PBXFileReference; fileEncoding = 4; lastKnownFileType = sourcecode.c.h; path = "UITableView+LongPressReorder.h"; sourceTree = "<group>"; };
		8B0F7E211BCB3AC000E308B6 /* UITableView+LongPressReorder.m */ = {isa = PBXFileReference; fileEncoding = 4; lastKnownFileType = sourcecode.c.objc; path = "UITableView+LongPressReorder.m"; sourceTree = "<group>"; };
		8B0F7E241BCB3AC000E308B6 /* NSManagedObject+Extras.h */ = {isa = PBXFileReference; fileEncoding = 4; lastKnownFileType = sourcecode.c.h; path = "NSManagedObject+Extras.h"; sourceTree = "<group>"; };
		8B0F7E251BCB3AC000E308B6 /* NSManagedObject+Extras.m */ = {isa = PBXFileReference; fileEncoding = 4; lastKnownFileType = sourcecode.c.objc; path = "NSManagedObject+Extras.m"; sourceTree = "<group>"; };
		8B0F7E261BCB3AC000E308B6 /* NSObject+Extras.h */ = {isa = PBXFileReference; fileEncoding = 4; lastKnownFileType = sourcecode.c.h; path = "NSObject+Extras.h"; sourceTree = "<group>"; };
		8B0F7E271BCB3AC000E308B6 /* NSObject+Extras.m */ = {isa = PBXFileReference; fileEncoding = 4; lastKnownFileType = sourcecode.c.objc; path = "NSObject+Extras.m"; sourceTree = "<group>"; };
		8B0F7E281BCB3AC000E308B6 /* UIActionSheet+Blocks.h */ = {isa = PBXFileReference; fileEncoding = 4; lastKnownFileType = sourcecode.c.h; path = "UIActionSheet+Blocks.h"; sourceTree = "<group>"; };
		8B0F7E291BCB3AC000E308B6 /* UIActionSheet+Blocks.m */ = {isa = PBXFileReference; fileEncoding = 4; lastKnownFileType = sourcecode.c.objc; path = "UIActionSheet+Blocks.m"; sourceTree = "<group>"; };
		8B0F7E2A1BCB3AC000E308B6 /* UIAlertView+Blocks.h */ = {isa = PBXFileReference; fileEncoding = 4; lastKnownFileType = sourcecode.c.h; path = "UIAlertView+Blocks.h"; sourceTree = "<group>"; };
		8B0F7E2B1BCB3AC000E308B6 /* UIAlertView+Blocks.m */ = {isa = PBXFileReference; fileEncoding = 4; lastKnownFileType = sourcecode.c.objc; path = "UIAlertView+Blocks.m"; sourceTree = "<group>"; };
		8B0F7E2C1BCB3AC000E308B6 /* UIImage+Extras.h */ = {isa = PBXFileReference; fileEncoding = 4; lastKnownFileType = sourcecode.c.h; path = "UIImage+Extras.h"; sourceTree = "<group>"; };
		8B0F7E2D1BCB3AC000E308B6 /* UIImage+Extras.m */ = {isa = PBXFileReference; fileEncoding = 4; lastKnownFileType = sourcecode.c.objc; path = "UIImage+Extras.m"; sourceTree = "<group>"; };
		8B0F7E2E1BCB3AC000E308B6 /* UIScrollView+Blocks.h */ = {isa = PBXFileReference; fileEncoding = 4; lastKnownFileType = sourcecode.c.h; path = "UIScrollView+Blocks.h"; sourceTree = "<group>"; };
		8B0F7E2F1BCB3AC000E308B6 /* UIScrollView+Blocks.m */ = {isa = PBXFileReference; fileEncoding = 4; lastKnownFileType = sourcecode.c.objc; path = "UIScrollView+Blocks.m"; sourceTree = "<group>"; };
		8B0F7E301BCB3AC000E308B6 /* UITableView+Separator.h */ = {isa = PBXFileReference; fileEncoding = 4; lastKnownFileType = sourcecode.c.h; path = "UITableView+Separator.h"; sourceTree = "<group>"; };
		8B0F7E311BCB3AC000E308B6 /* UITableView+Separator.m */ = {isa = PBXFileReference; fileEncoding = 4; lastKnownFileType = sourcecode.c.objc; path = "UITableView+Separator.m"; sourceTree = "<group>"; };
		8B0F7E321BCB3AC000E308B6 /* UITableViewCell+Strikethrough.h */ = {isa = PBXFileReference; fileEncoding = 4; lastKnownFileType = sourcecode.c.h; path = "UITableViewCell+Strikethrough.h"; sourceTree = "<group>"; };
		8B0F7E331BCB3AC000E308B6 /* UITableViewCell+Strikethrough.m */ = {isa = PBXFileReference; fileEncoding = 4; lastKnownFileType = sourcecode.c.objc; path = "UITableViewCell+Strikethrough.m"; sourceTree = "<group>"; };
		8B0F7E341BCB3AC000E308B6 /* UIView+Extras.h */ = {isa = PBXFileReference; fileEncoding = 4; lastKnownFileType = sourcecode.c.h; path = "UIView+Extras.h"; sourceTree = "<group>"; };
		8B0F7E351BCB3AC000E308B6 /* UIView+Extras.m */ = {isa = PBXFileReference; fileEncoding = 4; lastKnownFileType = sourcecode.c.objc; path = "UIView+Extras.m"; sourceTree = "<group>"; };
		8B0F7E361BCB3AC000E308B6 /* STDConstants.h */ = {isa = PBXFileReference; fileEncoding = 4; lastKnownFileType = sourcecode.c.h; path = STDConstants.h; sourceTree = "<group>"; };
		8B0F7E371BCB3AC000E308B6 /* STDConstants.m */ = {isa = PBXFileReference; fileEncoding = 4; lastKnownFileType = sourcecode.c.objc; path = STDConstants.m; sourceTree = "<group>"; };
		8B0F7E381BCB3AC000E308B6 /* STDCoreDataUtilities.h */ = {isa = PBXFileReference; fileEncoding = 4; lastKnownFileType = sourcecode.c.h; path = STDCoreDataUtilities.h; sourceTree = "<group>"; };
		8B0F7E391BCB3AC000E308B6 /* STDCoreDataUtilities.m */ = {isa = PBXFileReference; fileEncoding = 4; lastKnownFileType = sourcecode.c.objc; path = STDCoreDataUtilities.m; sourceTree = "<group>"; };
		8B0F7E3A1BCB3AC000E308B6 /* STDKeyboardListener.h */ = {isa = PBXFileReference; fileEncoding = 4; lastKnownFileType = sourcecode.c.h; path = STDKeyboardListener.h; sourceTree = "<group>"; };
		8B0F7E3B1BCB3AC000E308B6 /* STDKeyboardListener.m */ = {isa = PBXFileReference; fileEncoding = 4; lastKnownFileType = sourcecode.c.objc; path = STDKeyboardListener.m; sourceTree = "<group>"; };
		8B0F7E3C1BCB3AC000E308B6 /* STDUserDefaults.h */ = {isa = PBXFileReference; fileEncoding = 4; lastKnownFileType = sourcecode.c.h; path = STDUserDefaults.h; sourceTree = "<group>"; };
		8B0F7E3D1BCB3AC000E308B6 /* STDUserDefaults.m */ = {isa = PBXFileReference; fileEncoding = 4; lastKnownFileType = sourcecode.c.objc; path = STDUserDefaults.m; sourceTree = "<group>"; };
		8B0F7E3F1BCB3AC000E308B6 /* _STDCategory.h */ = {isa = PBXFileReference; fileEncoding = 4; lastKnownFileType = sourcecode.c.h; path = _STDCategory.h; sourceTree = "<group>"; };
		8B0F7E401BCB3AC000E308B6 /* _STDCategory.m */ = {isa = PBXFileReference; fileEncoding = 4; lastKnownFileType = sourcecode.c.objc; path = _STDCategory.m; sourceTree = "<group>"; };
		8B0F7E411BCB3AC000E308B6 /* _STDNote.h */ = {isa = PBXFileReference; fileEncoding = 4; lastKnownFileType = sourcecode.c.h; path = _STDNote.h; sourceTree = "<group>"; };
		8B0F7E421BCB3AC000E308B6 /* _STDNote.m */ = {isa = PBXFileReference; fileEncoding = 4; lastKnownFileType = sourcecode.c.objc; path = _STDNote.m; sourceTree = "<group>"; };
		8B0F7E431BCB3AC000E308B6 /* _STDTask.h */ = {isa = PBXFileReference; fileEncoding = 4; lastKnownFileType = sourcecode.c.h; path = _STDTask.h; sourceTree = "<group>"; };
		8B0F7E441BCB3AC000E308B6 /* _STDTask.m */ = {isa = PBXFileReference; fileEncoding = 4; lastKnownFileType = sourcecode.c.objc; path = _STDTask.m; sourceTree = "<group>"; };
		8B0F7E461BCB3AC000E308B6 /* STD.xcdatamodel */ = {isa = PBXFileReference; lastKnownFileType = wrapper.xcdatamodel; path = STD.xcdatamodel; sourceTree = "<group>"; };
		8B0F7E471BCB3AC000E308B6 /* STDCategory.h */ = {isa = PBXFileReference; fileEncoding = 4; lastKnownFileType = sourcecode.c.h; path = STDCategory.h; sourceTree = "<group>"; };
		8B0F7E481BCB3AC000E308B6 /* STDCategory.m */ = {isa = PBXFileReference; fileEncoding = 4; lastKnownFileType = sourcecode.c.objc; path = STDCategory.m; sourceTree = "<group>"; };
		8B0F7E491BCB3AC000E308B6 /* STDNote.h */ = {isa = PBXFileReference; fileEncoding = 4; lastKnownFileType = sourcecode.c.h; path = STDNote.h; sourceTree = "<group>"; };
		8B0F7E4A1BCB3AC000E308B6 /* STDNote.m */ = {isa = PBXFileReference; fileEncoding = 4; lastKnownFileType = sourcecode.c.objc; path = STDNote.m; sourceTree = "<group>"; };
		8B0F7E4B1BCB3AC000E308B6 /* STDTask.h */ = {isa = PBXFileReference; fileEncoding = 4; lastKnownFileType = sourcecode.c.h; path = STDTask.h; sourceTree = "<group>"; };
		8B0F7E4C1BCB3AC000E308B6 /* STDTask.m */ = {isa = PBXFileReference; fileEncoding = 4; lastKnownFileType = sourcecode.c.objc; path = STDTask.m; sourceTree = "<group>"; };
		8B0F7E4D1BCB3AC000E308B6 /* Settings.bundle */ = {isa = PBXFileReference; lastKnownFileType = "wrapper.plug-in"; path = Settings.bundle; sourceTree = "<group>"; };
		8B0F7E4E1BCB3AC000E308B6 /* STD-Prefix.pch */ = {isa = PBXFileReference; fileEncoding = 4; lastKnownFileType = sourcecode.c.h; path = "STD-Prefix.pch"; sourceTree = "<group>"; };
		8B0F7E501BCB3AC000E308B6 /* STDSubtaskTableViewCell.h */ = {isa = PBXFileReference; fileEncoding = 4; lastKnownFileType = sourcecode.c.h; path = STDSubtaskTableViewCell.h; sourceTree = "<group>"; };
		8B0F7E511BCB3AC000E308B6 /* STDSubtaskTableViewCell.m */ = {isa = PBXFileReference; fileEncoding = 4; lastKnownFileType = sourcecode.c.objc; path = STDSubtaskTableViewCell.m; sourceTree = "<group>"; };
		8B0F7E521BCB3AC000E308B6 /* STDSubtaskTableViewCell.xib */ = {isa = PBXFileReference; fileEncoding = 4; lastKnownFileType = file.xib; path = STDSubtaskTableViewCell.xib; sourceTree = "<group>"; };
		8B0F7E531BCB3AC000E308B6 /* STDTaskTableViewCell.h */ = {isa = PBXFileReference; fileEncoding = 4; lastKnownFileType = sourcecode.c.h; path = STDTaskTableViewCell.h; sourceTree = "<group>"; };
		8B0F7E541BCB3AC000E308B6 /* STDTaskTableViewCell.m */ = {isa = PBXFileReference; fileEncoding = 4; lastKnownFileType = sourcecode.c.objc; path = STDTaskTableViewCell.m; sourceTree = "<group>"; };
		8B0F7E551BCB3AC000E308B6 /* STDTaskTableViewCell.xib */ = {isa = PBXFileReference; fileEncoding = 4; lastKnownFileType = file.xib; path = STDTaskTableViewCell.xib; sourceTree = "<group>"; };
		8B0F7E561BCB3AC000E308B6 /* STDTaskTableViewHeaderFooterView.h */ = {isa = PBXFileReference; fileEncoding = 4; lastKnownFileType = sourcecode.c.h; path = STDTaskTableViewHeaderFooterView.h; sourceTree = "<group>"; };
		8B0F7E571BCB3AC000E308B6 /* STDTaskTableViewHeaderFooterView.m */ = {isa = PBXFileReference; fileEncoding = 4; lastKnownFileType = sourcecode.c.objc; path = STDTaskTableViewHeaderFooterView.m; sourceTree = "<group>"; };
		8BB19F621BCB0E0C00453FCD /* STD.app */ = {isa = PBXFileReference; explicitFileType = wrapper.application; includeInIndex = 0; path = STD.app; sourceTree = BUILT_PRODUCTS_DIR; };
		8BB19F661BCB0E0C00453FCD /* main.m */ = {isa = PBXFileReference; lastKnownFileType = sourcecode.c.objc; path = main.m; sourceTree = "<group>"; };
		8BB19F681BCB0E0C00453FCD /* AppDelegate.h */ = {isa = PBXFileReference; lastKnownFileType = sourcecode.c.h; path = AppDelegate.h; sourceTree = "<group>"; };
		8BB19F691BCB0E0C00453FCD /* AppDelegate.m */ = {isa = PBXFileReference; lastKnownFileType = sourcecode.c.objc; path = AppDelegate.m; sourceTree = "<group>"; };
		8BB19F6F1BCB0E0C00453FCD /* Base */ = {isa = PBXFileReference; lastKnownFileType = file.storyboard; name = Base; path = Base.lproj/Main.storyboard; sourceTree = "<group>"; };
		8BB19F711BCB0E0C00453FCD /* Assets.xcassets */ = {isa = PBXFileReference; lastKnownFileType = folder.assetcatalog; path = Assets.xcassets; sourceTree = "<group>"; };
		8BB19F741BCB0E0C00453FCD /* Base */ = {isa = PBXFileReference; lastKnownFileType = file.storyboard; name = Base; path = Base.lproj/LaunchScreen.storyboard; sourceTree = "<group>"; };
		8BB19F761BCB0E0C00453FCD /* Info.plist */ = {isa = PBXFileReference; lastKnownFileType = text.plist.xml; path = Info.plist; sourceTree = "<group>"; };
		8BB19F7B1BCB0E0C00453FCD /* STDTests.xctest */ = {isa = PBXFileReference; explicitFileType = wrapper.cfbundle; includeInIndex = 0; path = STDTests.xctest; sourceTree = BUILT_PRODUCTS_DIR; };
		8BB19F7F1BCB0E0C00453FCD /* STDTests.m */ = {isa = PBXFileReference; lastKnownFileType = sourcecode.c.objc; path = STDTests.m; sourceTree = "<group>"; };
		8BB19F811BCB0E0C00453FCD /* Info.plist */ = {isa = PBXFileReference; lastKnownFileType = text.plist.xml; path = Info.plist; sourceTree = "<group>"; };
		8BB19F861BCB0E0C00453FCD /* STDUITests.xctest */ = {isa = PBXFileReference; explicitFileType = wrapper.cfbundle; includeInIndex = 0; path = STDUITests.xctest; sourceTree = BUILT_PRODUCTS_DIR; };
		8BB19F8A1BCB0E0C00453FCD /* STDUITests.m */ = {isa = PBXFileReference; lastKnownFileType = sourcecode.c.objc; path = STDUITests.m; sourceTree = "<group>"; };
		8BB19F8C1BCB0E0C00453FCD /* Info.plist */ = {isa = PBXFileReference; lastKnownFileType = text.plist.xml; path = Info.plist; sourceTree = "<group>"; };
		C7218BF270A02BA30D6C2BE4 /* libPods-STD.a */ = {isa = PBXFileReference; explicitFileType = archive.ar; includeInIndex = 0; path = "libPods-STD.a"; sourceTree = BUILT_PRODUCTS_DIR; };
/* End PBXFileReference section */

/* Begin PBXFrameworksBuildPhase section */
		8BB19F5F1BCB0E0C00453FCD /* Frameworks */ = {
			isa = PBXFrameworksBuildPhase;
			buildActionMask = 2147483647;
			files = (
				6BD7F7589223E69C0D20FF7B /* libPods-STD.a in Frameworks */,
			);
			runOnlyForDeploymentPostprocessing = 0;
		};
		8BB19F781BCB0E0C00453FCD /* Frameworks */ = {
			isa = PBXFrameworksBuildPhase;
			buildActionMask = 2147483647;
			files = (
			);
			runOnlyForDeploymentPostprocessing = 0;
		};
		8BB19F831BCB0E0C00453FCD /* Frameworks */ = {
			isa = PBXFrameworksBuildPhase;
			buildActionMask = 2147483647;
			files = (
			);
			runOnlyForDeploymentPostprocessing = 0;
		};
/* End PBXFrameworksBuildPhase section */

/* Begin PBXGroup section */
		3CE8977BB58196C57D539361 /* Frameworks */ = {
			isa = PBXGroup;
			children = (
				C7218BF270A02BA30D6C2BE4 /* libPods-STD.a */,
			);
			name = Frameworks;
			sourceTree = "<group>";
		};
		8B0F7E151BCB3AC000E308B6 /* Controllers */ = {
			isa = PBXGroup;
			children = (
				8B0F7E161BCB3AC000E308B6 /* STDHomepageViewController.h */,
				8B0F7E171BCB3AC000E308B6 /* STDHomepageViewController.m */,
				8B0F7E181BCB3AC000E308B6 /* STDNotesViewController.h */,
				8B0F7E191BCB3AC000E308B6 /* STDNotesViewController.m */,
				8B0F7E1A1BCB3AC000E308B6 /* STDSettingsViewController.h */,
				8B0F7E1B1BCB3AC000E308B6 /* STDSettingsViewController.m */,
				8B0F7E1C1BCB3AC000E308B6 /* STDSubtasksViewController.h */,
				8B0F7E1D1BCB3AC000E308B6 /* STDSubtasksViewController.m */,
			);
			path = Controllers;
			sourceTree = "<group>";
		};
		8B0F7E1E1BCB3AC000E308B6 /* ExternalLibraries */ = {
			isa = PBXGroup;
			children = (
				8B0F7E1F1BCB3AC000E308B6 /* UITableView+LongPressReorder */,
			);
			path = ExternalLibraries;
			sourceTree = "<group>";
		};
		8B0F7E1F1BCB3AC000E308B6 /* UITableView+LongPressReorder */ = {
			isa = PBXGroup;
			children = (
				8B0F7E201BCB3AC000E308B6 /* UITableView+LongPressReorder.h */,
				8B0F7E211BCB3AC000E308B6 /* UITableView+LongPressReorder.m */,
			);
			path = "UITableView+LongPressReorder";
			sourceTree = "<group>";
		};
		8B0F7E221BCB3AC000E308B6 /* Libraries */ = {
			isa = PBXGroup;
			children = (
				8B0F7E231BCB3AC000E308B6 /* Extensions */,
				8B0F7E361BCB3AC000E308B6 /* STDConstants.h */,
				8B0F7E371BCB3AC000E308B6 /* STDConstants.m */,
				8B0F7E381BCB3AC000E308B6 /* STDCoreDataUtilities.h */,
				8B0F7E391BCB3AC000E308B6 /* STDCoreDataUtilities.m */,
				8B0F7E3A1BCB3AC000E308B6 /* STDKeyboardListener.h */,
				8B0F7E3B1BCB3AC000E308B6 /* STDKeyboardListener.m */,
				8B0F7E3C1BCB3AC000E308B6 /* STDUserDefaults.h */,
				8B0F7E3D1BCB3AC000E308B6 /* STDUserDefaults.m */,
			);
			path = Libraries;
			sourceTree = "<group>";
		};
		8B0F7E231BCB3AC000E308B6 /* Extensions */ = {
			isa = PBXGroup;
			children = (
				8B0F7E241BCB3AC000E308B6 /* NSManagedObject+Extras.h */,
				8B0F7E251BCB3AC000E308B6 /* NSManagedObject+Extras.m */,
				8B0F7E261BCB3AC000E308B6 /* NSObject+Extras.h */,
				8B0F7E271BCB3AC000E308B6 /* NSObject+Extras.m */,
				8B0F7E281BCB3AC000E308B6 /* UIActionSheet+Blocks.h */,
				8B0F7E291BCB3AC000E308B6 /* UIActionSheet+Blocks.m */,
				8B0F7E2A1BCB3AC000E308B6 /* UIAlertView+Blocks.h */,
				8B0F7E2B1BCB3AC000E308B6 /* UIAlertView+Blocks.m */,
				8B0F7E2C1BCB3AC000E308B6 /* UIImage+Extras.h */,
				8B0F7E2D1BCB3AC000E308B6 /* UIImage+Extras.m */,
				8B0F7E2E1BCB3AC000E308B6 /* UIScrollView+Blocks.h */,
				8B0F7E2F1BCB3AC000E308B6 /* UIScrollView+Blocks.m */,
				8B0F7E301BCB3AC000E308B6 /* UITableView+Separator.h */,
				8B0F7E311BCB3AC000E308B6 /* UITableView+Separator.m */,
				8B0F7E321BCB3AC000E308B6 /* UITableViewCell+Strikethrough.h */,
				8B0F7E331BCB3AC000E308B6 /* UITableViewCell+Strikethrough.m */,
				8B0F7E341BCB3AC000E308B6 /* UIView+Extras.h */,
				8B0F7E351BCB3AC000E308B6 /* UIView+Extras.m */,
			);
			path = Extensions;
			sourceTree = "<group>";
		};
		8B0F7E3E1BCB3AC000E308B6 /* Models */ = {
			isa = PBXGroup;
			children = (
				8B0F7E3F1BCB3AC000E308B6 /* _STDCategory.h */,
				8B0F7E401BCB3AC000E308B6 /* _STDCategory.m */,
				8B0F7E411BCB3AC000E308B6 /* _STDNote.h */,
				8B0F7E421BCB3AC000E308B6 /* _STDNote.m */,
				8B0F7E431BCB3AC000E308B6 /* _STDTask.h */,
				8B0F7E441BCB3AC000E308B6 /* _STDTask.m */,
				8B0F7E451BCB3AC000E308B6 /* STD.xcdatamodeld */,
				8B0F7E471BCB3AC000E308B6 /* STDCategory.h */,
				8B0F7E481BCB3AC000E308B6 /* STDCategory.m */,
				8B0F7E491BCB3AC000E308B6 /* STDNote.h */,
				8B0F7E4A1BCB3AC000E308B6 /* STDNote.m */,
				8B0F7E4B1BCB3AC000E308B6 /* STDTask.h */,
				8B0F7E4C1BCB3AC000E308B6 /* STDTask.m */,
			);
			path = Models;
			sourceTree = "<group>";
		};
		8B0F7E4F1BCB3AC000E308B6 /* Views */ = {
			isa = PBXGroup;
			children = (
				8B0F7E501BCB3AC000E308B6 /* STDSubtaskTableViewCell.h */,
				8B0F7E511BCB3AC000E308B6 /* STDSubtaskTableViewCell.m */,
				8B0F7E521BCB3AC000E308B6 /* STDSubtaskTableViewCell.xib */,
				8B0F7E531BCB3AC000E308B6 /* STDTaskTableViewCell.h */,
				8B0F7E541BCB3AC000E308B6 /* STDTaskTableViewCell.m */,
				8B0F7E551BCB3AC000E308B6 /* STDTaskTableViewCell.xib */,
				8B0F7E561BCB3AC000E308B6 /* STDTaskTableViewHeaderFooterView.h */,
				8B0F7E571BCB3AC000E308B6 /* STDTaskTableViewHeaderFooterView.m */,
			);
			path = Views;
			sourceTree = "<group>";
		};
		8BB19F591BCB0E0C00453FCD = {
			isa = PBXGroup;
			children = (
				8BB19F641BCB0E0C00453FCD /* STD */,
				8BB19F7E1BCB0E0C00453FCD /* STDTests */,
				8BB19F891BCB0E0C00453FCD /* STDUITests */,
				8BB19F631BCB0E0C00453FCD /* Products */,
				F8BEDC5E34A243500C9579E7 /* Pods */,
				3CE8977BB58196C57D539361 /* Frameworks */,
			);
			sourceTree = "<group>";
		};
		8BB19F631BCB0E0C00453FCD /* Products */ = {
			isa = PBXGroup;
			children = (
				8BB19F621BCB0E0C00453FCD /* STD.app */,
				8BB19F7B1BCB0E0C00453FCD /* STDTests.xctest */,
				8BB19F861BCB0E0C00453FCD /* STDUITests.xctest */,
			);
			name = Products;
			sourceTree = "<group>";
		};
		8BB19F641BCB0E0C00453FCD /* STD */ = {
			isa = PBXGroup;
			children = (
				8BB19F681BCB0E0C00453FCD /* AppDelegate.h */,
				8BB19F691BCB0E0C00453FCD /* AppDelegate.m */,
				8BB19F711BCB0E0C00453FCD /* Assets.xcassets */,
				8B0F7E151BCB3AC000E308B6 /* Controllers */,
				8B0F7E1E1BCB3AC000E308B6 /* ExternalLibraries */,
				8BB19F761BCB0E0C00453FCD /* Info.plist */,
				8BB19F731BCB0E0C00453FCD /* LaunchScreen.storyboard */,
				8B0F7E221BCB3AC000E308B6 /* Libraries */,
				8BB19F6E1BCB0E0C00453FCD /* Main.storyboard */,
				8B0F7E3E1BCB3AC000E308B6 /* Models */,
				8B0F7E4D1BCB3AC000E308B6 /* Settings.bundle */,
				8B0F7E4E1BCB3AC000E308B6 /* STD-Prefix.pch */,
				8BB19F651BCB0E0C00453FCD /* Supporting Files */,
				8B0F7E4F1BCB3AC000E308B6 /* Views */,
			);
			path = STD;
			sourceTree = "<group>";
		};
		8BB19F651BCB0E0C00453FCD /* Supporting Files */ = {
			isa = PBXGroup;
			children = (
				8BB19F661BCB0E0C00453FCD /* main.m */,
			);
			name = "Supporting Files";
			sourceTree = "<group>";
		};
		8BB19F7E1BCB0E0C00453FCD /* STDTests */ = {
			isa = PBXGroup;
			children = (
				8BB19F7F1BCB0E0C00453FCD /* STDTests.m */,
				8BB19F811BCB0E0C00453FCD /* Info.plist */,
			);
			path = STDTests;
			sourceTree = "<group>";
		};
		8BB19F891BCB0E0C00453FCD /* STDUITests */ = {
			isa = PBXGroup;
			children = (
				8BB19F8A1BCB0E0C00453FCD /* STDUITests.m */,
				8BB19F8C1BCB0E0C00453FCD /* Info.plist */,
			);
			path = STDUITests;
			sourceTree = "<group>";
		};
		F8BEDC5E34A243500C9579E7 /* Pods */ = {
			isa = PBXGroup;
			children = (
				311A1D06BCE546D7B43BFDF7 /* Pods-STD.debug.xcconfig */,
				7B8DE52BC0904544F18762A5 /* Pods-STD.release.xcconfig */,
			);
			name = Pods;
			sourceTree = "<group>";
		};
/* End PBXGroup section */

/* Begin PBXNativeTarget section */
		8BB19F611BCB0E0C00453FCD /* STD */ = {
			isa = PBXNativeTarget;
			buildConfigurationList = 8BB19F8F1BCB0E0C00453FCD /* Build configuration list for PBXNativeTarget "STD" */;
			buildPhases = (
				661E12031890A18F0C732B4A /* Check Pods Manifest.lock */,
				8BB19F5E1BCB0E0C00453FCD /* Sources */,
				8BB19F5F1BCB0E0C00453FCD /* Frameworks */,
				8BB19F601BCB0E0C00453FCD /* Resources */,
				D0C1EB35496269E75ECF6DF4 /* Embed Pods Frameworks */,
				9C10D3F922DEAA04701372F6 /* Copy Pods Resources */,
			);
			buildRules = (
			);
			dependencies = (
			);
			name = STD;
			productName = STD;
			productReference = 8BB19F621BCB0E0C00453FCD /* STD.app */;
			productType = "com.apple.product-type.application";
		};
		8BB19F7A1BCB0E0C00453FCD /* STDTests */ = {
			isa = PBXNativeTarget;
			buildConfigurationList = 8BB19F921BCB0E0C00453FCD /* Build configuration list for PBXNativeTarget "STDTests" */;
			buildPhases = (
				8BB19F771BCB0E0C00453FCD /* Sources */,
				8BB19F781BCB0E0C00453FCD /* Frameworks */,
				8BB19F791BCB0E0C00453FCD /* Resources */,
			);
			buildRules = (
			);
			dependencies = (
				8BB19F7D1BCB0E0C00453FCD /* PBXTargetDependency */,
			);
			name = STDTests;
			productName = STDTests;
			productReference = 8BB19F7B1BCB0E0C00453FCD /* STDTests.xctest */;
			productType = "com.apple.product-type.bundle.unit-test";
		};
		8BB19F851BCB0E0C00453FCD /* STDUITests */ = {
			isa = PBXNativeTarget;
			buildConfigurationList = 8BB19F951BCB0E0C00453FCD /* Build configuration list for PBXNativeTarget "STDUITests" */;
			buildPhases = (
				8BB19F821BCB0E0C00453FCD /* Sources */,
				8BB19F831BCB0E0C00453FCD /* Frameworks */,
				8BB19F841BCB0E0C00453FCD /* Resources */,
			);
			buildRules = (
			);
			dependencies = (
				8BB19F881BCB0E0C00453FCD /* PBXTargetDependency */,
			);
			name = STDUITests;
			productName = STDUITests;
			productReference = 8BB19F861BCB0E0C00453FCD /* STDUITests.xctest */;
			productType = "com.apple.product-type.bundle.ui-testing";
		};
/* End PBXNativeTarget section */

/* Begin PBXProject section */
		8BB19F5A1BCB0E0C00453FCD /* Project object */ = {
			isa = PBXProject;
			attributes = {
				CLASSPREFIX = STD;
				LastUpgradeCheck = 0700;
				ORGANIZATIONNAME = "Lasha Efremidze";
				TargetAttributes = {
					8BB19F611BCB0E0C00453FCD = {
						CreatedOnToolsVersion = 7.0.1;
						DevelopmentTeam = NNRNHY2N8B;
					};
					8BB19F7A1BCB0E0C00453FCD = {
						CreatedOnToolsVersion = 7.0.1;
						TestTargetID = 8BB19F611BCB0E0C00453FCD;
					};
					8BB19F851BCB0E0C00453FCD = {
						CreatedOnToolsVersion = 7.0.1;
						TestTargetID = 8BB19F611BCB0E0C00453FCD;
					};
				};
			};
			buildConfigurationList = 8BB19F5D1BCB0E0C00453FCD /* Build configuration list for PBXProject "STD" */;
			compatibilityVersion = "Xcode 3.2";
			developmentRegion = English;
			hasScannedForEncodings = 0;
			knownRegions = (
				en,
				Base,
			);
			mainGroup = 8BB19F591BCB0E0C00453FCD;
			productRefGroup = 8BB19F631BCB0E0C00453FCD /* Products */;
			projectDirPath = "";
			projectRoot = "";
			targets = (
				8BB19F611BCB0E0C00453FCD /* STD */,
				8BB19F7A1BCB0E0C00453FCD /* STDTests */,
				8BB19F851BCB0E0C00453FCD /* STDUITests */,
			);
		};
/* End PBXProject section */

/* Begin PBXResourcesBuildPhase section */
		8BB19F601BCB0E0C00453FCD /* Resources */ = {
			isa = PBXResourcesBuildPhase;
			buildActionMask = 2147483647;
			files = (
				8B0F7E731BCB3AC000E308B6 /* STDSubtaskTableViewCell.xib in Resources */,
				8B0F7E711BCB3AC000E308B6 /* Settings.bundle in Resources */,
				8B0F7E751BCB3AC000E308B6 /* STDTaskTableViewCell.xib in Resources */,
				8BB19F751BCB0E0C00453FCD /* LaunchScreen.storyboard in Resources */,
				8BB19F721BCB0E0C00453FCD /* Assets.xcassets in Resources */,
				8BB19F701BCB0E0C00453FCD /* Main.storyboard in Resources */,
			);
			runOnlyForDeploymentPostprocessing = 0;
		};
		8BB19F791BCB0E0C00453FCD /* Resources */ = {
			isa = PBXResourcesBuildPhase;
			buildActionMask = 2147483647;
			files = (
			);
			runOnlyForDeploymentPostprocessing = 0;
		};
		8BB19F841BCB0E0C00453FCD /* Resources */ = {
			isa = PBXResourcesBuildPhase;
			buildActionMask = 2147483647;
			files = (
			);
			runOnlyForDeploymentPostprocessing = 0;
		};
/* End PBXResourcesBuildPhase section */

/* Begin PBXShellScriptBuildPhase section */
		661E12031890A18F0C732B4A /* Check Pods Manifest.lock */ = {
			isa = PBXShellScriptBuildPhase;
			buildActionMask = 2147483647;
			files = (
			);
			inputPaths = (
			);
			name = "Check Pods Manifest.lock";
			outputPaths = (
			);
			runOnlyForDeploymentPostprocessing = 0;
			shellPath = /bin/sh;
			shellScript = "diff \"${PODS_ROOT}/../Podfile.lock\" \"${PODS_ROOT}/Manifest.lock\" > /dev/null\nif [[ $? != 0 ]] ; then\n    cat << EOM\nerror: The sandbox is not in sync with the Podfile.lock. Run 'pod install' or update your CocoaPods installation.\nEOM\n    exit 1\nfi\n";
			showEnvVarsInLog = 0;
		};
		9C10D3F922DEAA04701372F6 /* Copy Pods Resources */ = {
			isa = PBXShellScriptBuildPhase;
			buildActionMask = 2147483647;
			files = (
			);
			inputPaths = (
			);
			name = "Copy Pods Resources";
			outputPaths = (
			);
			runOnlyForDeploymentPostprocessing = 0;
			shellPath = /bin/sh;
			shellScript = "\"${SRCROOT}/Pods/Target Support Files/Pods-STD/Pods-STD-resources.sh\"\n";
			showEnvVarsInLog = 0;
		};
		D0C1EB35496269E75ECF6DF4 /* Embed Pods Frameworks */ = {
			isa = PBXShellScriptBuildPhase;
			buildActionMask = 2147483647;
			files = (
			);
			inputPaths = (
			);
			name = "Embed Pods Frameworks";
			outputPaths = (
			);
			runOnlyForDeploymentPostprocessing = 0;
			shellPath = /bin/sh;
			shellScript = "\"${SRCROOT}/Pods/Target Support Files/Pods-STD/Pods-STD-frameworks.sh\"\n";
			showEnvVarsInLog = 0;
		};
/* End PBXShellScriptBuildPhase section */

/* Begin PBXSourcesBuildPhase section */
		8BB19F5E1BCB0E0C00453FCD /* Sources */ = {
			isa = PBXSourcesBuildPhase;
			buildActionMask = 2147483647;
			files = (
				8B0F7E581BCB3AC000E308B6 /* STDHomepageViewController.m in Sources */,
				8B0F7E631BCB3AC000E308B6 /* UITableView+Separator.m in Sources */,
				8BB19F6A1BCB0E0C00453FCD /* AppDelegate.m in Sources */,
				8B0F7E6C1BCB3AC000E308B6 /* _STDTask.m in Sources */,
				8B0F7E681BCB3AC000E308B6 /* STDKeyboardListener.m in Sources */,
				8B0F7E5D1BCB3AC000E308B6 /* NSManagedObject+Extras.m in Sources */,
				8B0F7E701BCB3AC000E308B6 /* STDTask.m in Sources */,
				8B0F7E721BCB3AC000E308B6 /* STDSubtaskTableViewCell.m in Sources */,
				8B0F7E5F1BCB3AC000E308B6 /* UIActionSheet+Blocks.m in Sources */,
				8B0F7E6E1BCB3AC000E308B6 /* STDCategory.m in Sources */,
				8B0F7E651BCB3AC000E308B6 /* UIView+Extras.m in Sources */,
				8B0F7E5B1BCB3AC000E308B6 /* STDSubtasksViewController.m in Sources */,
				8B0F7E641BCB3AC000E308B6 /* UITableViewCell+Strikethrough.m in Sources */,
				8B0F7E5A1BCB3AC000E308B6 /* STDSettingsViewController.m in Sources */,
				8B0F7E691BCB3AC000E308B6 /* STDUserDefaults.m in Sources */,
				8B0F7E6F1BCB3AC000E308B6 /* STDNote.m in Sources */,
				8B0F7E741BCB3AC000E308B6 /* STDTaskTableViewCell.m in Sources */,
				8B0F7E601BCB3AC000E308B6 /* UIAlertView+Blocks.m in Sources */,
				8B0F7E6A1BCB3AC000E308B6 /* _STDCategory.m in Sources */,
				8B0F7E5C1BCB3AC000E308B6 /* UITableView+LongPressReorder.m in Sources */,
				8B0F7E621BCB3AC000E308B6 /* UIScrollView+Blocks.m in Sources */,
				8B0F7E761BCB3AC000E308B6 /* STDTaskTableViewHeaderFooterView.m in Sources */,
				8B0F7E5E1BCB3AC000E308B6 /* NSObject+Extras.m in Sources */,
				8B0F7E591BCB3AC000E308B6 /* STDNotesViewController.m in Sources */,
				8B0F7E611BCB3AC000E308B6 /* UIImage+Extras.m in Sources */,
				8B0F7E6D1BCB3AC000E308B6 /* STD.xcdatamodeld in Sources */,
				8B0F7E671BCB3AC000E308B6 /* STDCoreDataUtilities.m in Sources */,
				8BB19F671BCB0E0C00453FCD /* main.m in Sources */,
				8B0F7E661BCB3AC000E308B6 /* STDConstants.m in Sources */,
				8B0F7E6B1BCB3AC000E308B6 /* _STDNote.m in Sources */,
			);
			runOnlyForDeploymentPostprocessing = 0;
		};
		8BB19F771BCB0E0C00453FCD /* Sources */ = {
			isa = PBXSourcesBuildPhase;
			buildActionMask = 2147483647;
			files = (
				8BB19F801BCB0E0C00453FCD /* STDTests.m in Sources */,
			);
			runOnlyForDeploymentPostprocessing = 0;
		};
		8BB19F821BCB0E0C00453FCD /* Sources */ = {
			isa = PBXSourcesBuildPhase;
			buildActionMask = 2147483647;
			files = (
				8BB19F8B1BCB0E0C00453FCD /* STDUITests.m in Sources */,
			);
			runOnlyForDeploymentPostprocessing = 0;
		};
/* End PBXSourcesBuildPhase section */

/* Begin PBXTargetDependency section */
		8BB19F7D1BCB0E0C00453FCD /* PBXTargetDependency */ = {
			isa = PBXTargetDependency;
			target = 8BB19F611BCB0E0C00453FCD /* STD */;
			targetProxy = 8BB19F7C1BCB0E0C00453FCD /* PBXContainerItemProxy */;
		};
		8BB19F881BCB0E0C00453FCD /* PBXTargetDependency */ = {
			isa = PBXTargetDependency;
			target = 8BB19F611BCB0E0C00453FCD /* STD */;
			targetProxy = 8BB19F871BCB0E0C00453FCD /* PBXContainerItemProxy */;
		};
/* End PBXTargetDependency section */

/* Begin PBXVariantGroup section */
		8BB19F6E1BCB0E0C00453FCD /* Main.storyboard */ = {
			isa = PBXVariantGroup;
			children = (
				8BB19F6F1BCB0E0C00453FCD /* Base */,
			);
			name = Main.storyboard;
			sourceTree = "<group>";
		};
		8BB19F731BCB0E0C00453FCD /* LaunchScreen.storyboard */ = {
			isa = PBXVariantGroup;
			children = (
				8BB19F741BCB0E0C00453FCD /* Base */,
			);
			name = LaunchScreen.storyboard;
			sourceTree = "<group>";
		};
/* End PBXVariantGroup section */

/* Begin XCBuildConfiguration section */
		8BB19F8D1BCB0E0C00453FCD /* Debug */ = {
			isa = XCBuildConfiguration;
			buildSettings = {
				ALWAYS_SEARCH_USER_PATHS = NO;
				CLANG_CXX_LANGUAGE_STANDARD = "gnu++0x";
				CLANG_CXX_LIBRARY = "libc++";
				CLANG_ENABLE_MODULES = YES;
				CLANG_ENABLE_OBJC_ARC = YES;
				CLANG_WARN_BOOL_CONVERSION = YES;
				CLANG_WARN_CONSTANT_CONVERSION = YES;
				CLANG_WARN_DIRECT_OBJC_ISA_USAGE = YES_ERROR;
				CLANG_WARN_EMPTY_BODY = YES;
				CLANG_WARN_ENUM_CONVERSION = YES;
				CLANG_WARN_INT_CONVERSION = YES;
				CLANG_WARN_OBJC_ROOT_CLASS = YES_ERROR;
				CLANG_WARN_UNREACHABLE_CODE = YES;
				CLANG_WARN__DUPLICATE_METHOD_MATCH = YES;
				"CODE_SIGN_IDENTITY[sdk=iphoneos*]" = "iPhone Developer";
				COPY_PHASE_STRIP = NO;
				DEBUG_INFORMATION_FORMAT = dwarf;
				ENABLE_STRICT_OBJC_MSGSEND = YES;
				ENABLE_TESTABILITY = YES;
				GCC_C_LANGUAGE_STANDARD = gnu99;
				GCC_DYNAMIC_NO_PIC = NO;
				GCC_NO_COMMON_BLOCKS = YES;
				GCC_OPTIMIZATION_LEVEL = 0;
				GCC_PREPROCESSOR_DEFINITIONS = (
					"DEBUG=1",
					"$(inherited)",
				);
				GCC_WARN_64_TO_32_BIT_CONVERSION = YES;
				GCC_WARN_ABOUT_RETURN_TYPE = YES_ERROR;
				GCC_WARN_UNDECLARED_SELECTOR = YES;
				GCC_WARN_UNINITIALIZED_AUTOS = YES_AGGRESSIVE;
				GCC_WARN_UNUSED_FUNCTION = YES;
				GCC_WARN_UNUSED_VARIABLE = YES;
				IPHONEOS_DEPLOYMENT_TARGET = 7.1;
				MTL_ENABLE_DEBUG_INFO = YES;
				ONLY_ACTIVE_ARCH = YES;
				SDKROOT = iphoneos;
				TARGETED_DEVICE_FAMILY = "1,2";
			};
			name = Debug;
		};
		8BB19F8E1BCB0E0C00453FCD /* Release */ = {
			isa = XCBuildConfiguration;
			buildSettings = {
				ALWAYS_SEARCH_USER_PATHS = NO;
				CLANG_CXX_LANGUAGE_STANDARD = "gnu++0x";
				CLANG_CXX_LIBRARY = "libc++";
				CLANG_ENABLE_MODULES = YES;
				CLANG_ENABLE_OBJC_ARC = YES;
				CLANG_WARN_BOOL_CONVERSION = YES;
				CLANG_WARN_CONSTANT_CONVERSION = YES;
				CLANG_WARN_DIRECT_OBJC_ISA_USAGE = YES_ERROR;
				CLANG_WARN_EMPTY_BODY = YES;
				CLANG_WARN_ENUM_CONVERSION = YES;
				CLANG_WARN_INT_CONVERSION = YES;
				CLANG_WARN_OBJC_ROOT_CLASS = YES_ERROR;
				CLANG_WARN_UNREACHABLE_CODE = YES;
				CLANG_WARN__DUPLICATE_METHOD_MATCH = YES;
				"CODE_SIGN_IDENTITY[sdk=iphoneos*]" = "iPhone Developer";
				COPY_PHASE_STRIP = NO;
				DEBUG_INFORMATION_FORMAT = "dwarf-with-dsym";
				ENABLE_NS_ASSERTIONS = NO;
				ENABLE_STRICT_OBJC_MSGSEND = YES;
				GCC_C_LANGUAGE_STANDARD = gnu99;
				GCC_NO_COMMON_BLOCKS = YES;
				GCC_WARN_64_TO_32_BIT_CONVERSION = YES;
				GCC_WARN_ABOUT_RETURN_TYPE = YES_ERROR;
				GCC_WARN_UNDECLARED_SELECTOR = YES;
				GCC_WARN_UNINITIALIZED_AUTOS = YES_AGGRESSIVE;
				GCC_WARN_UNUSED_FUNCTION = YES;
				GCC_WARN_UNUSED_VARIABLE = YES;
				IPHONEOS_DEPLOYMENT_TARGET = 7.1;
				MTL_ENABLE_DEBUG_INFO = NO;
				SDKROOT = iphoneos;
				TARGETED_DEVICE_FAMILY = "1,2";
				VALIDATE_PRODUCT = YES;
			};
			name = Release;
		};
		8BB19F901BCB0E0C00453FCD /* Debug */ = {
			isa = XCBuildConfiguration;
			baseConfigurationReference = 311A1D06BCE546D7B43BFDF7 /* Pods-STD.debug.xcconfig */;
			buildSettings = {
				ASSETCATALOG_COMPILER_APPICON_NAME = AppIcon;
				CODE_SIGN_IDENTITY = "iPhone Developer";
				GCC_PRECOMPILE_PREFIX_HEADER = YES;
				GCC_PREFIX_HEADER = "STD/STD-Prefix.pch";
				INFOPLIST_FILE = STD/Info.plist;
				LD_RUNPATH_SEARCH_PATHS = "$(inherited) @executable_path/Frameworks";
				PRODUCT_BUNDLE_IDENTIFIER = com.morevoltage.STD;
				PRODUCT_NAME = "$(TARGET_NAME)";
			};
			name = Debug;
		};
		8BB19F911BCB0E0C00453FCD /* Release */ = {
			isa = XCBuildConfiguration;
			baseConfigurationReference = 7B8DE52BC0904544F18762A5 /* Pods-STD.release.xcconfig */;
			buildSettings = {
				ASSETCATALOG_COMPILER_APPICON_NAME = AppIcon;
				CODE_SIGN_IDENTITY = "iPhone Developer";
				GCC_PRECOMPILE_PREFIX_HEADER = YES;
				GCC_PREFIX_HEADER = "STD/STD-Prefix.pch";
				INFOPLIST_FILE = STD/Info.plist;
				LD_RUNPATH_SEARCH_PATHS = "$(inherited) @executable_path/Frameworks";
				PRODUCT_BUNDLE_IDENTIFIER = com.morevoltage.STD;
				PRODUCT_NAME = "$(TARGET_NAME)";
			};
			name = Release;
		};
		8BB19F931BCB0E0C00453FCD /* Debug */ = {
			isa = XCBuildConfiguration;
			buildSettings = {
				BUNDLE_LOADER = "$(TEST_HOST)";
				INFOPLIST_FILE = STDTests/Info.plist;
				LD_RUNPATH_SEARCH_PATHS = "$(inherited) @executable_path/Frameworks @loader_path/Frameworks";
				PRODUCT_BUNDLE_IDENTIFIER = com.morevoltage.STDTests;
				PRODUCT_NAME = "$(TARGET_NAME)";
				TEST_HOST = "$(BUILT_PRODUCTS_DIR)/STD.app/STD";
			};
			name = Debug;
		};
		8BB19F941BCB0E0C00453FCD /* Release */ = {
			isa = XCBuildConfiguration;
			buildSettings = {
				BUNDLE_LOADER = "$(TEST_HOST)";
				INFOPLIST_FILE = STDTests/Info.plist;
				LD_RUNPATH_SEARCH_PATHS = "$(inherited) @executable_path/Frameworks @loader_path/Frameworks";
				PRODUCT_BUNDLE_IDENTIFIER = com.morevoltage.STDTests;
				PRODUCT_NAME = "$(TARGET_NAME)";
				TEST_HOST = "$(BUILT_PRODUCTS_DIR)/STD.app/STD";
			};
			name = Release;
		};
		8BB19F961BCB0E0C00453FCD /* Debug */ = {
			isa = XCBuildConfiguration;
			buildSettings = {
				INFOPLIST_FILE = STDUITests/Info.plist;
				LD_RUNPATH_SEARCH_PATHS = "$(inherited) @executable_path/Frameworks @loader_path/Frameworks";
				PRODUCT_BUNDLE_IDENTIFIER = com.morevoltage.STDUITests;
				PRODUCT_NAME = "$(TARGET_NAME)";
				TEST_TARGET_NAME = STD;
				USES_XCTRUNNER = YES;
			};
			name = Debug;
		};
		8BB19F971BCB0E0C00453FCD /* Release */ = {
			isa = XCBuildConfiguration;
			buildSettings = {
				INFOPLIST_FILE = STDUITests/Info.plist;
				LD_RUNPATH_SEARCH_PATHS = "$(inherited) @executable_path/Frameworks @loader_path/Frameworks";
				PRODUCT_BUNDLE_IDENTIFIER = com.morevoltage.STDUITests;
				PRODUCT_NAME = "$(TARGET_NAME)";
				TEST_TARGET_NAME = STD;
				USES_XCTRUNNER = YES;
			};
			name = Release;
		};
/* End XCBuildConfiguration section */

/* Begin XCConfigurationList section */
		8BB19F5D1BCB0E0C00453FCD /* Build configuration list for PBXProject "STD" */ = {
			isa = XCConfigurationList;
			buildConfigurations = (
				8BB19F8D1BCB0E0C00453FCD /* Debug */,
				8BB19F8E1BCB0E0C00453FCD /* Release */,
			);
			defaultConfigurationIsVisible = 0;
			defaultConfigurationName = Release;
		};
		8BB19F8F1BCB0E0C00453FCD /* Build configuration list for PBXNativeTarget "STD" */ = {
			isa = XCConfigurationList;
			buildConfigurations = (
				8BB19F901BCB0E0C00453FCD /* Debug */,
				8BB19F911BCB0E0C00453FCD /* Release */,
			);
			defaultConfigurationIsVisible = 0;
			defaultConfigurationName = Release;
		};
		8BB19F921BCB0E0C00453FCD /* Build configuration list for PBXNativeTarget "STDTests" */ = {
			isa = XCConfigurationList;
			buildConfigurations = (
				8BB19F931BCB0E0C00453FCD /* Debug */,
				8BB19F941BCB0E0C00453FCD /* Release */,
			);
			defaultConfigurationIsVisible = 0;
			defaultConfigurationName = Release;
		};
		8BB19F951BCB0E0C00453FCD /* Build configuration list for PBXNativeTarget "STDUITests" */ = {
			isa = XCConfigurationList;
			buildConfigurations = (
				8BB19F961BCB0E0C00453FCD /* Debug */,
				8BB19F971BCB0E0C00453FCD /* Release */,
			);
			defaultConfigurationIsVisible = 0;
			defaultConfigurationName = Release;
		};
/* End XCConfigurationList section */

/* Begin XCVersionGroup section */
		8B0F7E451BCB3AC000E308B6 /* STD.xcdatamodeld */ = {
			isa = XCVersionGroup;
			children = (
				8B0F7E461BCB3AC000E308B6 /* STD.xcdatamodel */,
			);
			currentVersion = 8B0F7E461BCB3AC000E308B6 /* STD.xcdatamodel */;
			path = STD.xcdatamodeld;
			sourceTree = "<group>";
			versionGroupType = wrapper.xcdatamodel;
		};
/* End XCVersionGroup section */
	};
	rootObject = 8BB19F5A1BCB0E0C00453FCD /* Project object */;
}
